PODS:
  - Alamofire (5.7.1)
  - ReachabilitySwift (5.0.0)

DEPENDENCIES:
  - Alamofire (= 5.7.1)
  - ReachabilitySwift

SPEC REPOS:
  trunk:
    - Alamofire
    - ReachabilitySwift

SPEC CHECKSUMS:
  Alamofire: 0123a34370cb170936ae79a8df46cc62b2edeb88
  ReachabilitySwift: 985039c6f7b23a1da463388634119492ff86c825

PODFILE CHECKSUM: 09a69b9fbeb3537aa801c627dc8a734c7be99c91

COCOAPODS: 1.12.1
