// !$*UTF8*$!
{
	archiveVersion = 1;
	classes = {
	};
	objectVersion = 56;
	objects = {

/* Begin PBXBuildFile section */
		022114FC2A8A5F24001E52C1 /* AppDelegate.swift in Sources */ = {isa = PBXBuildFile; fileRef = 022114FB2A8A5F24001E52C1 /* AppDelegate.swift */; };
		022114FE2A8A5F24001E52C1 /* SceneDelegate.swift in Sources */ = {isa = PBXBuildFile; fileRef = 022114FD2A8A5F24001E52C1 /* SceneDelegate.swift */; };
		022115052A8A5F25001E52C1 /* Assets.xcassets in Resources */ = {isa = PBXBuildFile; fileRef = 022115042A8A5F25001E52C1 /* Assets.xcassets */; };
		022115082A8A5F25001E52C1 /* LaunchScreen.storyboard in Resources */ = {isa = PBXBuildFile; fileRef = 022115062A8A5F25001E52C1 /* LaunchScreen.storyboard */; };
		022115132A8A5F26001E52C1 /* currency_conversion_mvvmTests.swift in Sources */ = {isa = PBXBuildFile; fileRef = 022115122A8A5F26001E52C1 /* currency_conversion_mvvmTests.swift */; };
/* End PBXBuildFile section */

/* Begin PBXContainerItemProxy section */
		0221150F2A8A5F26001E52C1 /* PBXContainerItemProxy */ = {
			isa = PBXContainerItemProxy;
			containerPortal = 022114F02A8A5F24001E52C1 /* Project object */;
			proxyType = 1;
			remoteGlobalIDString = 022114F72A8A5F24001E52C1;
			remoteInfo = "currency-conversion-mvvm";
		};
		022115192A8A5F26001E52C1 /* PBXContainerItemProxy */ = {
			isa = PBXContainerItemProxy;
			containerPortal = 022114F02A8A5F24001E52C1 /* Project object */;
			proxyType = 1;
			remoteGlobalIDString = 022114F72A8A5F24001E52C1;
			remoteInfo = "currency-conversion-mvvm";
		};
/* End PBXContainerItemProxy section */

/* Begin PBXFileReference section */
		022114F82A8A5F24001E52C1 /* currency-conversion-mvvm.app */ = {isa = PBXFileReference; explicitFileType = wrapper.application; includeInIndex = 0; path = "currency-conversion-mvvm.app"; sourceTree = BUILT_PRODUCTS_DIR; };
		022114FB2A8A5F24001E52C1 /* AppDelegate.swift */ = {isa = PBXFileReference; lastKnownFileType = sourcecode.swift; path = AppDelegate.swift; sourceTree = "<group>"; };
		022114FD2A8A5F24001E52C1 /* SceneDelegate.swift */ = {isa = PBXFileReference; lastKnownFileType = sourcecode.swift; path = SceneDelegate.swift; sourceTree = "<group>"; };
		022115042A8A5F25001E52C1 /* Assets.xcassets */ = {isa = PBXFileReference; lastKnownFileType = folder.assetcatalog; path = Assets.xcassets; sourceTree = "<group>"; };
		022115072A8A5F25001E52C1 /* Base */ = {isa = PBXFileReference; lastKnownFileType = file.storyboard; name = Base; path = Base.lproj/LaunchScreen.storyboard; sourceTree = "<group>"; };
		022115092A8A5F26001E52C1 /* Info.plist */ = {isa = PBXFileReference; lastKnownFileType = text.plist.xml; path = Info.plist; sourceTree = "<group>"; };
		0221150E2A8A5F26001E52C1 /* currency-conversion-mvvmTests.xctest */ = {isa = PBXFileReference; explicitFileType = wrapper.cfbundle; includeInIndex = 0; path = "currency-conversion-mvvmTests.xctest"; sourceTree = BUILT_PRODUCTS_DIR; };
		022115122A8A5F26001E52C1 /* currency_conversion_mvvmTests.swift */ = {isa = PBXFileReference; lastKnownFileType = sourcecode.swift; path = currency_conversion_mvvmTests.swift; sourceTree = "<group>"; };
		022115182A8A5F26001E52C1 /* currency-conversion-mvvmUITests.xctest */ = {isa = PBXFileReference; explicitFileType = wrapper.cfbundle; includeInIndex = 0; path = "currency-conversion-mvvmUITests.xctest"; sourceTree = BUILT_PRODUCTS_DIR; };
/* End PBXFileReference section */

/* Begin PBXFrameworksBuildPhase section */
		022114F52A8A5F24001E52C1 /* Frameworks */ = {
			isa = PBXFrameworksBuildPhase;
			buildActionMask = 2147483647;
			files = (
			);
			runOnlyForDeploymentPostprocessing = 0;
		};
		0221150B2A8A5F26001E52C1 /* Frameworks */ = {
			isa = PBXFrameworksBuildPhase;
			buildActionMask = 2147483647;
			files = (
			);
			runOnlyForDeploymentPostprocessing = 0;
		};
		022115152A8A5F26001E52C1 /* Frameworks */ = {
			isa = PBXFrameworksBuildPhase;
			buildActionMask = 2147483647;
			files = (
			);
			runOnlyForDeploymentPostprocessing = 0;
		};
/* End PBXFrameworksBuildPhase section */

/* Begin PBXGroup section */
		022114EF2A8A5F24001E52C1 = {
			isa = PBXGroup;
			children = (
				022114FA2A8A5F24001E52C1 /* currency-conversion-mvvm */,
				022115112A8A5F26001E52C1 /* currency-conversion-mvvmTests */,
				022114F92A8A5F24001E52C1 /* Products */,
			);
			sourceTree = "<group>";
		};
		022114F92A8A5F24001E52C1 /* Products */ = {
			isa = PBXGroup;
			children = (
				022114F82A8A5F24001E52C1 /* currency-conversion-mvvm.app */,
				0221150E2A8A5F26001E52C1 /* currency-conversion-mvvmTests.xctest */,
				022115182A8A5F26001E52C1 /* currency-conversion-mvvmUITests.xctest */,
			);
			name = Products;
			sourceTree = "<group>";
		};
		022114FA2A8A5F24001E52C1 /* currency-conversion-mvvm */ = {
			isa = PBXGroup;
			children = (
				0221152B2A8A9F5B001E52C1 /* Source */,
				022114FB2A8A5F24001E52C1 /* AppDelegate.swift */,
				022114FD2A8A5F24001E52C1 /* SceneDelegate.swift */,
				022115042A8A5F25001E52C1 /* Assets.xcassets */,
				022115062A8A5F25001E52C1 /* LaunchScreen.storyboard */,
				022115092A8A5F26001E52C1 /* Info.plist */,
			);
			path = "currency-conversion-mvvm";
			sourceTree = "<group>";
		};
		022115112A8A5F26001E52C1 /* currency-conversion-mvvmTests */ = {
			isa = PBXGroup;
			children = (
				022115122A8A5F26001E52C1 /* currency_conversion_mvvmTests.swift */,
			);
			path = "currency-conversion-mvvmTests";
			sourceTree = "<group>";
		};
		0221152B2A8A9F5B001E52C1 /* Source */ = {
			isa = PBXGroup;
			children = (
			);
			path = Source;
			sourceTree = "<group>";
		};
/* End PBXGroup section */

/* Begin PBXNativeTarget section */
		022114F72A8A5F24001E52C1 /* currency-conversion-mvvm */ = {
			isa = PBXNativeTarget;
			buildConfigurationList = 022115222A8A5F26001E52C1 /* Build configuration list for PBXNativeTarget "currency-conversion-mvvm" */;
			buildPhases = (
				022114F42A8A5F24001E52C1 /* Sources */,
				022114F52A8A5F24001E52C1 /* Frameworks */,
				022114F62A8A5F24001E52C1 /* Resources */,
			);
			buildRules = (
			);
			dependencies = (
			);
			name = "currency-conversion-mvvm";
			productName = "currency-conversion-mvvm";
			productReference = 022114F82A8A5F24001E52C1 /* currency-conversion-mvvm.app */;
			productType = "com.apple.product-type.application";
		};
		0221150D2A8A5F26001E52C1 /* currency-conversion-mvvmTests */ = {
			isa = PBXNativeTarget;
			buildConfigurationList = 022115252A8A5F26001E52C1 /* Build configuration list for PBXNativeTarget "currency-conversion-mvvmTests" */;
			buildPhases = (
				0221150A2A8A5F26001E52C1 /* Sources */,
				0221150B2A8A5F26001E52C1 /* Frameworks */,
				0221150C2A8A5F26001E52C1 /* Resources */,
			);
			buildRules = (
			);
			dependencies = (
				022115102A8A5F26001E52C1 /* PBXTargetDependency */,
			);
			name = "currency-conversion-mvvmTests";
			productName = "currency-conversion-mvvmTests";
			productReference = 0221150E2A8A5F26001E52C1 /* currency-conversion-mvvmTests.xctest */;
			productType = "com.apple.product-type.bundle.unit-test";
		};
		022115172A8A5F26001E52C1 /* currency-conversion-mvvmUITests */ = {
			isa = PBXNativeTarget;
			buildConfigurationList = 022115282A8A5F26001E52C1 /* Build configuration list for PBXNativeTarget "currency-conversion-mvvmUITests" */;
			buildPhases = (
				022115142A8A5F26001E52C1 /* Sources */,
				022115152A8A5F26001E52C1 /* Frameworks */,
				022115162A8A5F26001E52C1 /* Resources */,
			);
			buildRules = (
			);
			dependencies = (
				0221151A2A8A5F26001E52C1 /* PBXTargetDependency */,
			);
			name = "currency-conversion-mvvmUITests";
			productName = "currency-conversion-mvvmUITests";
			productReference = 022115182A8A5F26001E52C1 /* currency-conversion-mvvmUITests.xctest */;
			productType = "com.apple.product-type.bundle.ui-testing";
		};
/* End PBXNativeTarget section */

/* Begin PBXProject section */
		022114F02A8A5F24001E52C1 /* Project object */ = {
			isa = PBXProject;
			attributes = {
				BuildIndependentTargetsInParallel = 1;
				LastSwiftUpdateCheck = 1430;
				LastUpgradeCheck = 1430;
				TargetAttributes = {
					022114F72A8A5F24001E52C1 = {
						CreatedOnToolsVersion = 14.3.1;
					};
					0221150D2A8A5F26001E52C1 = {
						CreatedOnToolsVersion = 14.3.1;
						TestTargetID = 022114F72A8A5F24001E52C1;
					};
					022115172A8A5F26001E52C1 = {
						CreatedOnToolsVersion = 14.3.1;
						TestTargetID = 022114F72A8A5F24001E52C1;
					};
				};
			};
			buildConfigurationList = 022114F32A8A5F24001E52C1 /* Build configuration list for PBXProject "currency-conversion-mvvm" */;
			compatibilityVersion = "Xcode 14.0";
			developmentRegion = en;
			hasScannedForEncodings = 0;
			knownRegions = (
				en,
				Base,
			);
			mainGroup = 022114EF2A8A5F24001E52C1;
			productRefGroup = 022114F92A8A5F24001E52C1 /* Products */;
			projectDirPath = "";
			projectRoot = "";
			targets = (
				022114F72A8A5F24001E52C1 /* currency-conversion-mvvm */,
				0221150D2A8A5F26001E52C1 /* currency-conversion-mvvmTests */,
				022115172A8A5F26001E52C1 /* currency-conversion-mvvmUITests */,
			);
		};
/* End PBXProject section */

/* Begin PBXResourcesBuildPhase section */
		022114F62A8A5F24001E52C1 /* Resources */ = {
			isa = PBXResourcesBuildPhase;
			buildActionMask = 2147483647;
			files = (
				022115082A8A5F25001E52C1 /* LaunchScreen.storyboard in Resources */,
				022115052A8A5F25001E52C1 /* Assets.xcassets in Resources */,
			);
			runOnlyForDeploymentPostprocessing = 0;
		};
		0221150C2A8A5F26001E52C1 /* Resources */ = {
			isa = PBXResourcesBuildPhase;
			buildActionMask = 2147483647;
			files = (
			);
			runOnlyForDeploymentPostprocessing = 0;
		};
		022115162A8A5F26001E52C1 /* Resources */ = {
			isa = PBXResourcesBuildPhase;
			buildActionMask = 2147483647;
			files = (
			);
			runOnlyForDeploymentPostprocessing = 0;
		};
/* End PBXResourcesBuildPhase section */

/* Begin PBXSourcesBuildPhase section */
		022114F42A8A5F24001E52C1 /* Sources */ = {
			isa = PBXSourcesBuildPhase;
			buildActionMask = 2147483647;
			files = (
				022114FC2A8A5F24001E52C1 /* AppDelegate.swift in Sources */,
				022114FE2A8A5F24001E52C1 /* SceneDelegate.swift in Sources */,
			);
			runOnlyForDeploymentPostprocessing = 0;
		};
		0221150A2A8A5F26001E52C1 /* Sources */ = {
			isa = PBXSourcesBuildPhase;
			buildActionMask = 2147483647;
			files = (
				022115132A8A5F26001E52C1 /* currency_conversion_mvvmTests.swift in Sources */,
			);
			runOnlyForDeploymentPostprocessing = 0;
		};
		022115142A8A5F26001E52C1 /* Sources */ = {
			isa = PBXSourcesBuildPhase;
			buildActionMask = 2147483647;
			files = (
			);
			runOnlyForDeploymentPostprocessing = 0;
		};
/* End PBXSourcesBuildPhase section */

/* Begin PBXTargetDependency section */
		022115102A8A5F26001E52C1 /* PBXTargetDependency */ = {
			isa = PBXTargetDependency;
			target = 022114F72A8A5F24001E52C1 /* currency-conversion-mvvm */;
			targetProxy = 0221150F2A8A5F26001E52C1 /* PBXContainerItemProxy */;
		};
		0221151A2A8A5F26001E52C1 /* PBXTargetDependency */ = {
			isa = PBXTargetDependency;
			target = 022114F72A8A5F24001E52C1 /* currency-conversion-mvvm */;
			targetProxy = 022115192A8A5F26001E52C1 /* PBXContainerItemProxy */;
		};
/* End PBXTargetDependency section */

/* Begin PBXVariantGroup section */
		022115062A8A5F25001E52C1 /* LaunchScreen.storyboard */ = {
			isa = PBXVariantGroup;
			children = (
				022115072A8A5F25001E52C1 /* Base */,
			);
			name = LaunchScreen.storyboard;
			sourceTree = "<group>";
		};
/* End PBXVariantGroup section */

/* Begin XCBuildConfiguration section */
		022115202A8A5F26001E52C1 /* Debug */ = {
			isa = XCBuildConfiguration;
			buildSettings = {
				ALWAYS_SEARCH_USER_PATHS = NO;
				CLANG_ANALYZER_NONNULL = YES;
				CLANG_ANALYZER_NUMBER_OBJECT_CONVERSION = YES_AGGRESSIVE;
				CLANG_CXX_LANGUAGE_STANDARD = "gnu++20";
				CLANG_ENABLE_MODULES = YES;
				CLANG_ENABLE_OBJC_ARC = YES;
				CLANG_ENABLE_OBJC_WEAK = YES;
				CLANG_WARN_BLOCK_CAPTURE_AUTORELEASING = YES;
				CLANG_WARN_BOOL_CONVERSION = YES;
				CLANG_WARN_COMMA = YES;
				CLANG_WARN_CONSTANT_CONVERSION = YES;
				CLANG_WARN_DEPRECATED_OBJC_IMPLEMENTATIONS = YES;
				CLANG_WARN_DIRECT_OBJC_ISA_USAGE = YES_ERROR;
				CLANG_WARN_DOCUMENTATION_COMMENTS = YES;
				CLANG_WARN_EMPTY_BODY = YES;
				CLANG_WARN_ENUM_CONVERSION = YES;
				CLANG_WARN_INFINITE_RECURSION = YES;
				CLANG_WARN_INT_CONVERSION = YES;
				CLANG_WARN_NON_LITERAL_NULL_CONVERSION = YES;
				CLANG_WARN_OBJC_IMPLICIT_RETAIN_SELF = YES;
				CLANG_WARN_OBJC_LITERAL_CONVERSION = YES;
				CLANG_WARN_OBJC_ROOT_CLASS = YES_ERROR;
				CLANG_WARN_QUOTED_INCLUDE_IN_FRAMEWORK_HEADER = YES;
				CLANG_WARN_RANGE_LOOP_ANALYSIS = YES;
				CLANG_WARN_STRICT_PROTOTYPES = YES;
				CLANG_WARN_SUSPICIOUS_MOVE = YES;
				CLANG_WARN_UNGUARDED_AVAILABILITY = YES_AGGRESSIVE;
				CLANG_WARN_UNREACHABLE_CODE = YES;
				CLANG_WARN__DUPLICATE_METHOD_MATCH = YES;
				COPY_PHASE_STRIP = NO;
				DEBUG_INFORMATION_FORMAT = dwarf;
				ENABLE_STRICT_OBJC_MSGSEND = YES;
				ENABLE_TESTABILITY = YES;
				GCC_C_LANGUAGE_STANDARD = gnu11;
				GCC_DYNAMIC_NO_PIC = NO;
				GCC_NO_COMMON_BLOCKS = YES;
				GCC_OPTIMIZATION_LEVEL = 0;
				GCC_PREPROCESSOR_DEFINITIONS = (
					"DEBUG=1",
					"$(inherited)",
				);
				GCC_WARN_64_TO_32_BIT_CONVERSION = YES;
				GCC_WARN_ABOUT_RETURN_TYPE = YES_ERROR;
				GCC_WARN_UNDECLARED_SELECTOR = YES;
				GCC_WARN_UNINITIALIZED_AUTOS = YES_AGGRESSIVE;
				GCC_WARN_UNUSED_FUNCTION = YES;
				GCC_WARN_UNUSED_VARIABLE = YES;
				IPHONEOS_DEPLOYMENT_TARGET = 16.4;
				MTL_ENABLE_DEBUG_INFO = INCLUDE_SOURCE;
				MTL_FAST_MATH = YES;
				ONLY_ACTIVE_ARCH = YES;
				SDKROOT = iphoneos;
				SWIFT_ACTIVE_COMPILATION_CONDITIONS = DEBUG;
				SWIFT_OPTIMIZATION_LEVEL = "-Onone";
			};
			name = Debug;
		};
		022115212A8A5F26001E52C1 /* Release */ = {
			isa = XCBuildConfiguration;
			buildSettings = {
				ALWAYS_SEARCH_USER_PATHS = NO;
				CLANG_ANALYZER_NONNULL = YES;
				CLANG_ANALYZER_NUMBER_OBJECT_CONVERSION = YES_AGGRESSIVE;
				CLANG_CXX_LANGUAGE_STANDARD = "gnu++20";
				CLANG_ENABLE_MODULES = YES;
				CLANG_ENABLE_OBJC_ARC = YES;
				CLANG_ENABLE_OBJC_WEAK = YES;
				CLANG_WARN_BLOCK_CAPTURE_AUTORELEASING = YES;
				CLANG_WARN_BOOL_CONVERSION = YES;
				CLANG_WARN_COMMA = YES;
				CLANG_WARN_CONSTANT_CONVERSION = YES;
				CLANG_WARN_DEPRECATED_OBJC_IMPLEMENTATIONS = YES;
				CLANG_WARN_DIRECT_OBJC_ISA_USAGE = YES_ERROR;
				CLANG_WARN_DOCUMENTATION_COMMENTS = YES;
				CLANG_WARN_EMPTY_BODY = YES;
				CLANG_WARN_ENUM_CONVERSION = YES;
				CLANG_WARN_INFINITE_RECURSION = YES;
				CLANG_WARN_INT_CONVERSION = YES;
				CLANG_WARN_NON_LITERAL_NULL_CONVERSION = YES;
				CLANG_WARN_OBJC_IMPLICIT_RETAIN_SELF = YES;
				CLANG_WARN_OBJC_LITERAL_CONVERSION = YES;
				CLANG_WARN_OBJC_ROOT_CLASS = YES_ERROR;
				CLANG_WARN_QUOTED_INCLUDE_IN_FRAMEWORK_HEADER = YES;
				CLANG_WARN_RANGE_LOOP_ANALYSIS = YES;
				CLANG_WARN_STRICT_PROTOTYPES = YES;
				CLANG_WARN_SUSPICIOUS_MOVE = YES;
				CLANG_WARN_UNGUARDED_AVAILABILITY = YES_AGGRESSIVE;
				CLANG_WARN_UNREACHABLE_CODE = YES;
				CLANG_WARN__DUPLICATE_METHOD_MATCH = YES;
				COPY_PHASE_STRIP = NO;
				DEBUG_INFORMATION_FORMAT = "dwarf-with-dsym";
				ENABLE_NS_ASSERTIONS = NO;
				ENABLE_STRICT_OBJC_MSGSEND = YES;
				GCC_C_LANGUAGE_STANDARD = gnu11;
				GCC_NO_COMMON_BLOCKS = YES;
				GCC_WARN_64_TO_32_BIT_CONVERSION = YES;
				GCC_WARN_ABOUT_RETURN_TYPE = YES_ERROR;
				GCC_WARN_UNDECLARED_SELECTOR = YES;
				GCC_WARN_UNINITIALIZED_AUTOS = YES_AGGRESSIVE;
				GCC_WARN_UNUSED_FUNCTION = YES;
				GCC_WARN_UNUSED_VARIABLE = YES;
				IPHONEOS_DEPLOYMENT_TARGET = 16.4;
				MTL_ENABLE_DEBUG_INFO = NO;
				MTL_FAST_MATH = YES;
				SDKROOT = iphoneos;
				SWIFT_COMPILATION_MODE = wholemodule;
				SWIFT_OPTIMIZATION_LEVEL = "-O";
				VALIDATE_PRODUCT = YES;
			};
			name = Release;
		};
		022115232A8A5F26001E52C1 /* Debug */ = {
			isa = XCBuildConfiguration;
			buildSettings = {
				ASSETCATALOG_COMPILER_APPICON_NAME = AppIcon;
				ASSETCATALOG_COMPILER_GLOBAL_ACCENT_COLOR_NAME = AccentColor;
				CODE_SIGN_STYLE = Automatic;
				CURRENT_PROJECT_VERSION = 1;
				DEVELOPMENT_TEAM = 2HCBZJR5K3;
				GENERATE_INFOPLIST_FILE = YES;
				INFOPLIST_FILE = "currency-conversion-mvvm/Info.plist";
				INFOPLIST_KEY_UIApplicationSupportsIndirectInputEvents = YES;
				INFOPLIST_KEY_UILaunchStoryboardName = LaunchScreen;
				INFOPLIST_KEY_UIMainStoryboardFile = "";
				INFOPLIST_KEY_UISupportedInterfaceOrientations_iPad = "UIInterfaceOrientationPortrait UIInterfaceOrientationPortraitUpsideDown UIInterfaceOrientationLandscapeLeft UIInterfaceOrientationLandscapeRight";
				INFOPLIST_KEY_UISupportedInterfaceOrientations_iPhone = "UIInterfaceOrientationPortrait UIInterfaceOrientationLandscapeLeft UIInterfaceOrientationLandscapeRight";
				LD_RUNPATH_SEARCH_PATHS = (
					"$(inherited)",
					"@executable_path/Frameworks",
				);
				MARKETING_VERSION = 1.0;
				PRODUCT_BUNDLE_IDENTIFIER = "br.com.alecomparini.currency-conversion-mvvm";
				PRODUCT_NAME = "$(TARGET_NAME)";
				SWIFT_EMIT_LOC_STRINGS = YES;
				SWIFT_VERSION = 5.0;
				TARGETED_DEVICE_FAMILY = "1,2";
			};
			name = Debug;
		};
		022115242A8A5F26001E52C1 /* Release */ = {
			isa = XCBuildConfiguration;
			buildSettings = {
				ASSETCATALOG_COMPILER_APPICON_NAME = AppIcon;
				ASSETCATALOG_COMPILER_GLOBAL_ACCENT_COLOR_NAME = AccentColor;
				CODE_SIGN_STYLE = Automatic;
				CURRENT_PROJECT_VERSION = 1;
				DEVELOPMENT_TEAM = 2HCBZJR5K3;
				GENERATE_INFOPLIST_FILE = YES;
				INFOPLIST_FILE = "currency-conversion-mvvm/Info.plist";
				INFOPLIST_KEY_UIApplicationSupportsIndirectInputEvents = YES;
				INFOPLIST_KEY_UILaunchStoryboardName = LaunchScreen;
				INFOPLIST_KEY_UIMainStoryboardFile = "";
				INFOPLIST_KEY_UISupportedInterfaceOrientations_iPad = "UIInterfaceOrientationPortrait UIInterfaceOrientationPortraitUpsideDown UIInterfaceOrientationLandscapeLeft UIInterfaceOrientationLandscapeRight";
				INFOPLIST_KEY_UISupportedInterfaceOrientations_iPhone = "UIInterfaceOrientationPortrait UIInterfaceOrientationLandscapeLeft UIInterfaceOrientationLandscapeRight";
				LD_RUNPATH_SEARCH_PATHS = (
					"$(inherited)",
					"@executable_path/Frameworks",
				);
				MARKETING_VERSION = 1.0;
				PRODUCT_BUNDLE_IDENTIFIER = "br.com.alecomparini.currency-conversion-mvvm";
				PRODUCT_NAME = "$(TARGET_NAME)";
				SWIFT_EMIT_LOC_STRINGS = YES;
				SWIFT_VERSION = 5.0;
				TARGETED_DEVICE_FAMILY = "1,2";
			};
			name = Release;
		};
		022115262A8A5F26001E52C1 /* Debug */ = {
			isa = XCBuildConfiguration;
			buildSettings = {
				ALWAYS_EMBED_SWIFT_STANDARD_LIBRARIES = YES;
				BUNDLE_LOADER = "$(TEST_HOST)";
				CODE_SIGN_STYLE = Automatic;
				CURRENT_PROJECT_VERSION = 1;
				DEVELOPMENT_TEAM = 2HCBZJR5K3;
				GENERATE_INFOPLIST_FILE = YES;
				IPHONEOS_DEPLOYMENT_TARGET = 16.4;
				MARKETING_VERSION = 1.0;
				PRODUCT_BUNDLE_IDENTIFIER = "br.com.alecomparini.currency-conversion-mvvmTests";
				PRODUCT_NAME = "$(TARGET_NAME)";
				SWIFT_EMIT_LOC_STRINGS = NO;
				SWIFT_VERSION = 5.0;
				TARGETED_DEVICE_FAMILY = "1,2";
				TEST_HOST = "$(BUILT_PRODUCTS_DIR)/currency-conversion-mvvm.app/$(BUNDLE_EXECUTABLE_FOLDER_PATH)/currency-conversion-mvvm";
			};
			name = Debug;
		};
		022115272A8A5F26001E52C1 /* Release */ = {
			isa = XCBuildConfiguration;
			buildSettings = {
				ALWAYS_EMBED_SWIFT_STANDARD_LIBRARIES = YES;
				BUNDLE_LOADER = "$(TEST_HOST)";
				CODE_SIGN_STYLE = Automatic;
				CURRENT_PROJECT_VERSION = 1;
				DEVELOPMENT_TEAM = 2HCBZJR5K3;
				GENERATE_INFOPLIST_FILE = YES;
				IPHONEOS_DEPLOYMENT_TARGET = 16.4;
				MARKETING_VERSION = 1.0;
				PRODUCT_BUNDLE_IDENTIFIER = "br.com.alecomparini.currency-conversion-mvvmTests";
				PRODUCT_NAME = "$(TARGET_NAME)";
				SWIFT_EMIT_LOC_STRINGS = NO;
				SWIFT_VERSION = 5.0;
				TARGETED_DEVICE_FAMILY = "1,2";
				TEST_HOST = "$(BUILT_PRODUCTS_DIR)/currency-conversion-mvvm.app/$(BUNDLE_EXECUTABLE_FOLDER_PATH)/currency-conversion-mvvm";
			};
			name = Release;
		};
		022115292A8A5F26001E52C1 /* Debug */ = {
			isa = XCBuildConfiguration;
			buildSettings = {
				ALWAYS_EMBED_SWIFT_STANDARD_LIBRARIES = YES;
				CODE_SIGN_STYLE = Automatic;
				CURRENT_PROJECT_VERSION = 1;
				DEVELOPMENT_TEAM = 2HCBZJR5K3;
				GENERATE_INFOPLIST_FILE = YES;
				MARKETING_VERSION = 1.0;
				PRODUCT_BUNDLE_IDENTIFIER = "br.com.alecomparini.currency-conversion-mvvmUITests";
				PRODUCT_NAME = "$(TARGET_NAME)";
				SWIFT_EMIT_LOC_STRINGS = NO;
				SWIFT_VERSION = 5.0;
				TARGETED_DEVICE_FAMILY = "1,2";
				TEST_TARGET_NAME = "currency-conversion-mvvm";
			};
			name = Debug;
		};
		0221152A2A8A5F26001E52C1 /* Release */ = {
			isa = XCBuildConfiguration;
			buildSettings = {
				ALWAYS_EMBED_SWIFT_STANDARD_LIBRARIES = YES;
				CODE_SIGN_STYLE = Automatic;
				CURRENT_PROJECT_VERSION = 1;
				DEVELOPMENT_TEAM = 2HCBZJR5K3;
				GENERATE_INFOPLIST_FILE = YES;
				MARKETING_VERSION = 1.0;
				PRODUCT_BUNDLE_IDENTIFIER = "br.com.alecomparini.currency-conversion-mvvmUITests";
				PRODUCT_NAME = "$(TARGET_NAME)";
				SWIFT_EMIT_LOC_STRINGS = NO;
				SWIFT_VERSION = 5.0;
				TARGETED_DEVICE_FAMILY = "1,2";
				TEST_TARGET_NAME = "currency-conversion-mvvm";
			};
			name = Release;
		};
/* End XCBuildConfiguration section */

/* Begin XCConfigurationList section */
		022114F32A8A5F24001E52C1 /* Build configuration list for PBXProject "currency-conversion-mvvm" */ = {
			isa = XCConfigurationList;
			buildConfigurations = (
				022115202A8A5F26001E52C1 /* Debug */,
				022115212A8A5F26001E52C1 /* Release */,
			);
			defaultConfigurationIsVisible = 0;
			defaultConfigurationName = Release;
		};
		022115222A8A5F26001E52C1 /* Build configuration list for PBXNativeTarget "currency-conversion-mvvm" */ = {
			isa = XCConfigurationList;
			buildConfigurations = (
				022115232A8A5F26001E52C1 /* Debug */,
				022115242A8A5F26001E52C1 /* Release */,
			);
			defaultConfigurationIsVisible = 0;
			defaultConfigurationName = Release;
		};
		022115252A8A5F26001E52C1 /* Build configuration list for PBXNativeTarget "currency-conversion-mvvmTests" */ = {
			isa = XCConfigurationList;
			buildConfigurations = (
				022115262A8A5F26001E52C1 /* Debug */,
				022115272A8A5F26001E52C1 /* Release */,
			);
			defaultConfigurationIsVisible = 0;
			defaultConfigurationName = Release;
		};
		022115282A8A5F26001E52C1 /* Build configuration list for PBXNativeTarget "currency-conversion-mvvmUITests" */ = {
			isa = XCConfigurationList;
			buildConfigurations = (
				022115292A8A5F26001E52C1 /* Debug */,
				0221152A2A8A5F26001E52C1 /* Release */,
			);
			defaultConfigurationIsVisible = 0;
			defaultConfigurationName = Release;
		};
/* End XCConfigurationList section */
	};
	rootObject = 022114F02A8A5F24001E52C1 /* Project object */;
}
