// !$*UTF8*$!
{
	archiveVersion = 1;
	classes = {
	};
	objectVersion = 56;
	objects = {

/* Begin PBXBuildFile section */
		022114FC2A8A5F24001E52C1 /* AppDelegate.swift in Sources */ = {isa = PBXBuildFile; fileRef = 022114FB2A8A5F24001E52C1 /* AppDelegate.swift */; };
		022114FE2A8A5F24001E52C1 /* SceneDelegate.swift in Sources */ = {isa = PBXBuildFile; fileRef = 022114FD2A8A5F24001E52C1 /* SceneDelegate.swift */; };
		022115052A8A5F25001E52C1 /* Assets.xcassets in Resources */ = {isa = PBXBuildFile; fileRef = 022115042A8A5F25001E52C1 /* Assets.xcassets */; };
		022115082A8A5F25001E52C1 /* LaunchScreen.storyboard in Resources */ = {isa = PBXBuildFile; fileRef = 022115062A8A5F25001E52C1 /* LaunchScreen.storyboard */; };
		022115132A8A5F26001E52C1 /* CurrencyConversionTests.swift in Sources */ = {isa = PBXBuildFile; fileRef = 022115122A8A5F26001E52C1 /* CurrencyConversionTests.swift */; };
		0221152F2A8AA051001E52C1 /* CurrencyConversionViewController.swift in Sources */ = {isa = PBXBuildFile; fileRef = 0221152E2A8AA051001E52C1 /* CurrencyConversionViewController.swift */; };
		022115322A8AA082001E52C1 /* CurrencyConversionView.swift in Sources */ = {isa = PBXBuildFile; fileRef = 022115312A8AA082001E52C1 /* CurrencyConversionView.swift */; };
		022115372A8AA171001E52C1 /* UIViewController+Extension.swift in Sources */ = {isa = PBXBuildFile; fileRef = 022115362A8AA171001E52C1 /* UIViewController+Extension.swift */; };
		022115392A8AA2DF001E52C1 /* CurrencyConversion_Preview.swift in Sources */ = {isa = PBXBuildFile; fileRef = 022115382A8AA2DF001E52C1 /* CurrencyConversion_Preview.swift */; };
		0221153B2A8AA6AA001E52C1 /* UIColor+Extension.swift in Sources */ = {isa = PBXBuildFile; fileRef = 0221153A2A8AA6A9001E52C1 /* UIColor+Extension.swift */; };
		0221153D2A8AA758001E52C1 /* Int+Extension.swift in Sources */ = {isa = PBXBuildFile; fileRef = 0221153C2A8AA758001E52C1 /* Int+Extension.swift */; };
		0221153F2A8AA7E7001E52C1 /* Float+Extension.swift in Sources */ = {isa = PBXBuildFile; fileRef = 0221153E2A8AA7E7001E52C1 /* Float+Extension.swift */; };
		022115422A8AAC7D001E52C1 /* CurrencySymbolView.swift in Sources */ = {isa = PBXBuildFile; fileRef = 022115412A8AAC7D001E52C1 /* CurrencySymbolView.swift */; };
		022115442A8AB84F001E52C1 /* CurrencySymbolViewInput.swift in Sources */ = {isa = PBXBuildFile; fileRef = 022115432A8AB84F001E52C1 /* CurrencySymbolViewInput.swift */; };
		022115482A8BAFF6001E52C1 /* CurrencyView.swift in Sources */ = {isa = PBXBuildFile; fileRef = 022115472A8BAFF6001E52C1 /* CurrencyView.swift */; };
		0221154A2A8BB47D001E52C1 /* CurrencyViewInput.swift in Sources */ = {isa = PBXBuildFile; fileRef = 022115492A8BB47D001E52C1 /* CurrencyViewInput.swift */; };
		0221154E2A8BC2FA001E52C1 /* Coordinator.swift in Sources */ = {isa = PBXBuildFile; fileRef = 0221154D2A8BC2FA001E52C1 /* Coordinator.swift */; };
		022115502A8BC364001E52C1 /* CurrencyConversionCoordinator.swift in Sources */ = {isa = PBXBuildFile; fileRef = 0221154F2A8BC363001E52C1 /* CurrencyConversionCoordinator.swift */; };
		022115562A8BC529001E52C1 /* NavigationController.swift in Sources */ = {isa = PBXBuildFile; fileRef = 022115552A8BC529001E52C1 /* NavigationController.swift */; };
		022115592A8BF4FA001E52C1 /* ListCurrenciesViewController.swift in Sources */ = {isa = PBXBuildFile; fileRef = 022115582A8BF4FA001E52C1 /* ListCurrenciesViewController.swift */; };
		0221155B2A8BF53D001E52C1 /* ListCurrenciesView.swift in Sources */ = {isa = PBXBuildFile; fileRef = 0221155A2A8BF53D001E52C1 /* ListCurrenciesView.swift */; };
		0221155E2A8BF5E0001E52C1 /* ListCurrenciesCoordinator.swift in Sources */ = {isa = PBXBuildFile; fileRef = 0221155D2A8BF5DF001E52C1 /* ListCurrenciesCoordinator.swift */; };
		022115A52A8D9BAE001E52C1 /* UINavigationController+Extension.swift in Sources */ = {isa = PBXBuildFile; fileRef = 022115A42A8D9BAE001E52C1 /* UINavigationController+Extension.swift */; };
		022115A82A8E5037001E52C1 /* HasViewControllerBeenPushedValidation.swift in Sources */ = {isa = PBXBuildFile; fileRef = 022115A72A8E5037001E52C1 /* HasViewControllerBeenPushedValidation.swift */; };
		022115AC2A8E507D001E52C1 /* Validation.swift in Sources */ = {isa = PBXBuildFile; fileRef = 022115AB2A8E507D001E52C1 /* Validation.swift */; };
		022115AF2A8E5785001E52C1 /* ViewControllerCoordinator.swift in Sources */ = {isa = PBXBuildFile; fileRef = 022115AE2A8E5785001E52C1 /* ViewControllerCoordinator.swift */; };
		022115B12A8E5ACD001E52C1 /* AuthenticationValidation.swift in Sources */ = {isa = PBXBuildFile; fileRef = 022115B02A8E5ACD001E52C1 /* AuthenticationValidation.swift */; };
		022115B32A8E5C36001E52C1 /* Validator.swift in Sources */ = {isa = PBXBuildFile; fileRef = 022115B22A8E5C36001E52C1 /* Validator.swift */; };
		022115B62A8E5FE4001E52C1 /* DefaultValidatorFactory.swift in Sources */ = {isa = PBXBuildFile; fileRef = 022115B52A8E5FE4001E52C1 /* DefaultValidatorFactory.swift */; };
		022115CA2A8E851B001E52C1 /* ListConversion_Preview.swift in Sources */ = {isa = PBXBuildFile; fileRef = 022115C92A8E851B001E52C1 /* ListConversion_Preview.swift */; };
		022115D12A8E89B0001E52C1 /* CurrencyTableViewCell.swift in Sources */ = {isa = PBXBuildFile; fileRef = 022115D02A8E89B0001E52C1 /* CurrencyTableViewCell.swift */; };
		022115D32A8E8B69001E52C1 /* CurrencyTableViewCellView.swift in Sources */ = {isa = PBXBuildFile; fileRef = 022115D22A8E8B69001E52C1 /* CurrencyTableViewCellView.swift */; };
		022115D62A8E96E4001E52C1 /* SortCurrenciesView.swift in Sources */ = {isa = PBXBuildFile; fileRef = 022115D52A8E96E3001E52C1 /* SortCurrenciesView.swift */; };
		022E2F802A8FB272008EB753 /* Environment.swift in Sources */ = {isa = PBXBuildFile; fileRef = 022E2F7F2A8FB272008EB753 /* Environment.swift */; };
		022E2F832A8FB3C9008EB753 /* Release.xcconfig in Resources */ = {isa = PBXBuildFile; fileRef = 022E2F822A8FB3C9008EB753 /* Release.xcconfig */; };
		026CF09D2A968C7100496C15 /* ListCurrencyViewModelResponse.swift in Sources */ = {isa = PBXBuildFile; fileRef = 026CF09C2A968C7100496C15 /* ListCurrencyViewModelResponse.swift */; };
		026CF0C72A96C62E00496C15 /* CurrencySymbols.json in Resources */ = {isa = PBXBuildFile; fileRef = 026CF0C62A96C62E00496C15 /* CurrencySymbols.json */; };
		026CF0D32A96C82E00496C15 /* Localizable.strings in Resources */ = {isa = PBXBuildFile; fileRef = 026CF0D12A96C82E00496C15 /* Localizable.strings */; };
		026CF0DA2A96E47700496C15 /* ListCurrencySymbolsUseCase.swift in Sources */ = {isa = PBXBuildFile; fileRef = 026CF0D92A96E47700496C15 /* ListCurrencySymbolsUseCase.swift */; };
		026CF0DD2A96E4C000496C15 /* ListCurrencySymbolsViewModelResponse.swift in Sources */ = {isa = PBXBuildFile; fileRef = 026CF0DC2A96E4C000496C15 /* ListCurrencySymbolsViewModelResponse.swift */; };
		026CF0E02A96E5C200496C15 /* CurrenciesToDTO.swift in Sources */ = {isa = PBXBuildFile; fileRef = 026CF0DF2A96E5C200496C15 /* CurrenciesToDTO.swift */; };
		026CF0E22A96E86200496C15 /* FileListCurrencySymbolsUseCaseImpl.swift in Sources */ = {isa = PBXBuildFile; fileRef = 026CF0E12A96E86200496C15 /* FileListCurrencySymbolsUseCaseImpl.swift */; };
		026CF0E62A96EA5300496C15 /* ReadFile.swift in Sources */ = {isa = PBXBuildFile; fileRef = 026CF0E52A96EA5300496C15 /* ReadFile.swift */; };
		026CF0E82A96EC8D00496C15 /* FileErrors.swift in Sources */ = {isa = PBXBuildFile; fileRef = 026CF0E72A96EC8D00496C15 /* FileErrors.swift */; };
		026CF0EC2A96EE1900496C15 /* ListCurrencySymbolsUseCaseFileGatewayImpl.swift in Sources */ = {isa = PBXBuildFile; fileRef = 026CF0EB2A96EE1900496C15 /* ListCurrencySymbolsUseCaseFileGatewayImpl.swift */; };
		026CF0EE2A96EECD00496C15 /* ListCurrencySymbolsUseCaseGateway.swift in Sources */ = {isa = PBXBuildFile; fileRef = 026CF0ED2A96EECD00496C15 /* ListCurrencySymbolsUseCaseGateway.swift */; };
		026CF0F12A96F3C800496C15 /* CurrencySymbolsCodable.swift in Sources */ = {isa = PBXBuildFile; fileRef = 026CF0F02A96F3C800496C15 /* CurrencySymbolsCodable.swift */; };
		026CF0F42A9790A400496C15 /* SearchCurrenciesViewModel.swift in Sources */ = {isa = PBXBuildFile; fileRef = 026CF0F32A9790A400496C15 /* SearchCurrenciesViewModel.swift */; };
		026CF0F72A9790D700496C15 /* FavoriteCurrencyViewModel.swift in Sources */ = {isa = PBXBuildFile; fileRef = 026CF0F62A9790D700496C15 /* FavoriteCurrencyViewModel.swift */; };
		026CF0FB2A979BF800496C15 /* SortCurrenciesViewModel.swift in Sources */ = {isa = PBXBuildFile; fileRef = 026CF0FA2A979BF800496C15 /* SortCurrenciesViewModel.swift */; };
		026CF0FD2A979C2600496C15 /* ListCurrenciesTableViewCell.swift in Sources */ = {isa = PBXBuildFile; fileRef = 026CF0FC2A979C2600496C15 /* ListCurrenciesTableViewCell.swift */; };
		026CF0FF2A97B16C00496C15 /* URLSessionNetwork.swift in Sources */ = {isa = PBXBuildFile; fileRef = 026CF0FE2A97B16C00496C15 /* URLSessionNetwork.swift */; };
		028E0EF52A94256B007E2ECF /* URLFactory.swift in Sources */ = {isa = PBXBuildFile; fileRef = 028E0EF42A94256B007E2ECF /* URLFactory.swift */; };
		028E0EF72A9433B4007E2ECF /* RemoteListCurrenciesUseCaseGateway.swift in Sources */ = {isa = PBXBuildFile; fileRef = 028E0EF62A9433B4007E2ECF /* RemoteListCurrenciesUseCaseGateway.swift */; };
		028E0EFE2A9504D6007E2ECF /* HTTPGetClient.swift in Sources */ = {isa = PBXBuildFile; fileRef = 028E0EFD2A9504D6007E2ECF /* HTTPGetClient.swift */; };
		028E0F052A952356007E2ECF /* ApplicationErrors.swift in Sources */ = {isa = PBXBuildFile; fileRef = 028E0F042A952356007E2ECF /* ApplicationErrors.swift */; };
		028E0F102A9538F6007E2ECF /* CurrenciesCodable.swift in Sources */ = {isa = PBXBuildFile; fileRef = 028E0F0F2A9538F6007E2ECF /* CurrenciesCodable.swift */; };
		028E0F1A2A959DB3007E2ECF /* ListCurrenciesUseCaseGateway.swift in Sources */ = {isa = PBXBuildFile; fileRef = 028E0F192A959DB3007E2ECF /* ListCurrenciesUseCaseGateway.swift */; };
		028E0F272A963D79007E2ECF /* UIView+Extension.swift in Sources */ = {isa = PBXBuildFile; fileRef = 028E0F262A963D79007E2ECF /* UIView+Extension.swift */; };
		02A9E7592A90E5FD006935A3 /* ConversionModel.swift in Sources */ = {isa = PBXBuildFile; fileRef = 02A9E7582A90E5FD006935A3 /* ConversionModel.swift */; };
		02A9E7612A910627006935A3 /* CurrencyConversion.swift in Sources */ = {isa = PBXBuildFile; fileRef = 02A9E7602A910627006935A3 /* CurrencyConversion.swift */; };
		02A9E7662A911182006935A3 /* DomainError.swift in Sources */ = {isa = PBXBuildFile; fileRef = 02A9E7652A911182006935A3 /* DomainError.swift */; };
		02A9E7692A91216B006935A3 /* TestExtension.swift in Sources */ = {isa = PBXBuildFile; fileRef = 02A9E7682A91216B006935A3 /* TestExtension.swift */; };
		02AE7C302A8EB93B00A2608D /* CurrencyTableViewCellView_Preview.swift in Sources */ = {isa = PBXBuildFile; fileRef = 02AE7C2F2A8EB93B00A2608D /* CurrencyTableViewCellView_Preview.swift */; };
		02AE7C332A8EBAF000A2608D /* CardCurrencyView.swift in Sources */ = {isa = PBXBuildFile; fileRef = 02AE7C322A8EBAF000A2608D /* CardCurrencyView.swift */; };
		02AE7C352A8EBB8C00A2608D /* CardCurrencyInput.swift in Sources */ = {isa = PBXBuildFile; fileRef = 02AE7C342A8EBB8C00A2608D /* CardCurrencyInput.swift */; };
		02AE7C372A8EBC7900A2608D /* CardCurrencyView_Preview.swift in Sources */ = {isa = PBXBuildFile; fileRef = 02AE7C362A8EBC7900A2608D /* CardCurrencyView_Preview.swift */; };
		02E1AACD2A913CF400BF0D51 /* ListCurrenciesUseCaseImpl.swift in Sources */ = {isa = PBXBuildFile; fileRef = 02E1AACC2A913CF400BF0D51 /* ListCurrenciesUseCaseImpl.swift */; };
		02E1AAD02A913E4E00BF0D51 /* HTTPPost.swift in Sources */ = {isa = PBXBuildFile; fileRef = 02E1AACF2A913E4E00BF0D51 /* HTTPPost.swift */; };
		02E1AAD62A913F8E00BF0D51 /* HTTPErrors.swift in Sources */ = {isa = PBXBuildFile; fileRef = 02E1AAD52A913F8E00BF0D51 /* HTTPErrors.swift */; };
		02E1AADC2A9162C100BF0D51 /* Alamofire in Frameworks */ = {isa = PBXBuildFile; productRef = 02E1AADB2A9162C100BF0D51 /* Alamofire */; };
		02E1AAE02A9162F200BF0D51 /* Alamofire.swift in Sources */ = {isa = PBXBuildFile; fileRef = 02E1AADF2A9162F200BF0D51 /* Alamofire.swift */; };
		02E1AAE52A92665C00BF0D51 /* ListCurrenciesViewModel.swift in Sources */ = {isa = PBXBuildFile; fileRef = 02E1AAE42A92665C00BF0D51 /* ListCurrenciesViewModel.swift */; };
		02E1AAE72A9266D100BF0D51 /* ListCurrenciesViewModelImpl.swift in Sources */ = {isa = PBXBuildFile; fileRef = 02E1AAE62A9266D100BF0D51 /* ListCurrenciesViewModelImpl.swift */; };
		02E1AAEC2A92838500BF0D51 /* ListCurrenciesViewModelFactory.swift in Sources */ = {isa = PBXBuildFile; fileRef = 02E1AAEB2A92838500BF0D51 /* ListCurrenciesViewModelFactory.swift */; };
		02E1AAEF2A9283B500BF0D51 /* ListCurrenciesControllerFactory.swift in Sources */ = {isa = PBXBuildFile; fileRef = 02E1AAEE2A9283B500BF0D51 /* ListCurrenciesControllerFactory.swift */; };
		02E1AAF12A928A7300BF0D51 /* ViewControllerFactoryProtocol.swift in Sources */ = {isa = PBXBuildFile; fileRef = 02E1AAF02A928A7300BF0D51 /* ViewControllerFactoryProtocol.swift */; };
		02E1AAF42A92944200BF0D51 /* CurrencyConversionControllerFactory.swift in Sources */ = {isa = PBXBuildFile; fileRef = 02E1AAF32A92944200BF0D51 /* CurrencyConversionControllerFactory.swift */; };
		02E1AAF92A93968D00BF0D51 /* SearchCurrenciesViewModelImpl.swift in Sources */ = {isa = PBXBuildFile; fileRef = 02E1AAF82A93968D00BF0D51 /* SearchCurrenciesViewModelImpl.swift */; };
		02E1AAFC2A9396B300BF0D51 /* SortCurrenciesViewModelImpl.swift in Sources */ = {isa = PBXBuildFile; fileRef = 02E1AAFB2A9396B300BF0D51 /* SortCurrenciesViewModelImpl.swift */; };
		02E1AAFF2A9396E200BF0D51 /* FavoriteCurrencyViewModelImpl.swift in Sources */ = {isa = PBXBuildFile; fileRef = 02E1AAFE2A9396E200BF0D51 /* FavoriteCurrencyViewModelImpl.swift */; };
		02E1AB052A939A5000BF0D51 /* ListCurrenciesUseCase.swift in Sources */ = {isa = PBXBuildFile; fileRef = 02E1AB042A939A5000BF0D51 /* ListCurrenciesUseCase.swift */; };
/* End PBXBuildFile section */

/* Begin PBXContainerItemProxy section */
		0221150F2A8A5F26001E52C1 /* PBXContainerItemProxy */ = {
			isa = PBXContainerItemProxy;
			containerPortal = 022114F02A8A5F24001E52C1 /* Project object */;
			proxyType = 1;
			remoteGlobalIDString = 022114F72A8A5F24001E52C1;
			remoteInfo = "currency-conversion-mvvm";
		};
/* End PBXContainerItemProxy section */

/* Begin PBXFileReference section */
		022114F82A8A5F24001E52C1 /* currency-conversion-mvvm.app */ = {isa = PBXFileReference; explicitFileType = wrapper.application; includeInIndex = 0; path = "currency-conversion-mvvm.app"; sourceTree = BUILT_PRODUCTS_DIR; };
		022114FB2A8A5F24001E52C1 /* AppDelegate.swift */ = {isa = PBXFileReference; lastKnownFileType = sourcecode.swift; path = AppDelegate.swift; sourceTree = "<group>"; };
		022114FD2A8A5F24001E52C1 /* SceneDelegate.swift */ = {isa = PBXFileReference; lastKnownFileType = sourcecode.swift; path = SceneDelegate.swift; sourceTree = "<group>"; };
		022115042A8A5F25001E52C1 /* Assets.xcassets */ = {isa = PBXFileReference; lastKnownFileType = folder.assetcatalog; path = Assets.xcassets; sourceTree = "<group>"; };
		022115072A8A5F25001E52C1 /* Base */ = {isa = PBXFileReference; lastKnownFileType = file.storyboard; name = Base; path = Base.lproj/LaunchScreen.storyboard; sourceTree = "<group>"; };
		022115092A8A5F26001E52C1 /* Info.plist */ = {isa = PBXFileReference; lastKnownFileType = text.plist.xml; path = Info.plist; sourceTree = "<group>"; };
		0221150E2A8A5F26001E52C1 /* currency-conversion-mvvmTests.xctest */ = {isa = PBXFileReference; explicitFileType = wrapper.cfbundle; includeInIndex = 0; path = "currency-conversion-mvvmTests.xctest"; sourceTree = BUILT_PRODUCTS_DIR; };
		022115122A8A5F26001E52C1 /* CurrencyConversionTests.swift */ = {isa = PBXFileReference; lastKnownFileType = sourcecode.swift; path = CurrencyConversionTests.swift; sourceTree = "<group>"; };
		0221152E2A8AA051001E52C1 /* CurrencyConversionViewController.swift */ = {isa = PBXFileReference; lastKnownFileType = sourcecode.swift; path = CurrencyConversionViewController.swift; sourceTree = "<group>"; };
		022115312A8AA082001E52C1 /* CurrencyConversionView.swift */ = {isa = PBXFileReference; lastKnownFileType = sourcecode.swift; path = CurrencyConversionView.swift; sourceTree = "<group>"; };
		022115362A8AA171001E52C1 /* UIViewController+Extension.swift */ = {isa = PBXFileReference; fileEncoding = 4; lastKnownFileType = sourcecode.swift; path = "UIViewController+Extension.swift"; sourceTree = "<group>"; };
		022115382A8AA2DF001E52C1 /* CurrencyConversion_Preview.swift */ = {isa = PBXFileReference; lastKnownFileType = sourcecode.swift; path = CurrencyConversion_Preview.swift; sourceTree = "<group>"; };
		0221153A2A8AA6A9001E52C1 /* UIColor+Extension.swift */ = {isa = PBXFileReference; fileEncoding = 4; lastKnownFileType = sourcecode.swift; path = "UIColor+Extension.swift"; sourceTree = "<group>"; };
		0221153C2A8AA758001E52C1 /* Int+Extension.swift */ = {isa = PBXFileReference; fileEncoding = 4; lastKnownFileType = sourcecode.swift; path = "Int+Extension.swift"; sourceTree = "<group>"; };
		0221153E2A8AA7E7001E52C1 /* Float+Extension.swift */ = {isa = PBXFileReference; fileEncoding = 4; lastKnownFileType = sourcecode.swift; path = "Float+Extension.swift"; sourceTree = "<group>"; };
		022115412A8AAC7D001E52C1 /* CurrencySymbolView.swift */ = {isa = PBXFileReference; lastKnownFileType = sourcecode.swift; path = CurrencySymbolView.swift; sourceTree = "<group>"; };
		022115432A8AB84F001E52C1 /* CurrencySymbolViewInput.swift */ = {isa = PBXFileReference; lastKnownFileType = sourcecode.swift; path = CurrencySymbolViewInput.swift; sourceTree = "<group>"; };
		022115472A8BAFF6001E52C1 /* CurrencyView.swift */ = {isa = PBXFileReference; lastKnownFileType = sourcecode.swift; path = CurrencyView.swift; sourceTree = "<group>"; };
		022115492A8BB47D001E52C1 /* CurrencyViewInput.swift */ = {isa = PBXFileReference; lastKnownFileType = sourcecode.swift; path = CurrencyViewInput.swift; sourceTree = "<group>"; };
		0221154D2A8BC2FA001E52C1 /* Coordinator.swift */ = {isa = PBXFileReference; lastKnownFileType = sourcecode.swift; path = Coordinator.swift; sourceTree = "<group>"; };
		0221154F2A8BC363001E52C1 /* CurrencyConversionCoordinator.swift */ = {isa = PBXFileReference; lastKnownFileType = sourcecode.swift; path = CurrencyConversionCoordinator.swift; sourceTree = "<group>"; };
		022115552A8BC529001E52C1 /* NavigationController.swift */ = {isa = PBXFileReference; fileEncoding = 4; lastKnownFileType = sourcecode.swift; path = NavigationController.swift; sourceTree = "<group>"; };
		022115582A8BF4FA001E52C1 /* ListCurrenciesViewController.swift */ = {isa = PBXFileReference; lastKnownFileType = sourcecode.swift; path = ListCurrenciesViewController.swift; sourceTree = "<group>"; };
		0221155A2A8BF53D001E52C1 /* ListCurrenciesView.swift */ = {isa = PBXFileReference; fileEncoding = 4; lastKnownFileType = sourcecode.swift; path = ListCurrenciesView.swift; sourceTree = "<group>"; };
		0221155D2A8BF5DF001E52C1 /* ListCurrenciesCoordinator.swift */ = {isa = PBXFileReference; lastKnownFileType = sourcecode.swift; path = ListCurrenciesCoordinator.swift; sourceTree = "<group>"; };
		022115A42A8D9BAE001E52C1 /* UINavigationController+Extension.swift */ = {isa = PBXFileReference; lastKnownFileType = sourcecode.swift; path = "UINavigationController+Extension.swift"; sourceTree = "<group>"; };
		022115A72A8E5037001E52C1 /* HasViewControllerBeenPushedValidation.swift */ = {isa = PBXFileReference; lastKnownFileType = sourcecode.swift; path = HasViewControllerBeenPushedValidation.swift; sourceTree = "<group>"; };
		022115AB2A8E507D001E52C1 /* Validation.swift */ = {isa = PBXFileReference; lastKnownFileType = sourcecode.swift; path = Validation.swift; sourceTree = "<group>"; };
		022115AE2A8E5785001E52C1 /* ViewControllerCoordinator.swift */ = {isa = PBXFileReference; lastKnownFileType = sourcecode.swift; path = ViewControllerCoordinator.swift; sourceTree = "<group>"; };
		022115B02A8E5ACD001E52C1 /* AuthenticationValidation.swift */ = {isa = PBXFileReference; lastKnownFileType = sourcecode.swift; path = AuthenticationValidation.swift; sourceTree = "<group>"; };
		022115B22A8E5C36001E52C1 /* Validator.swift */ = {isa = PBXFileReference; lastKnownFileType = sourcecode.swift; path = Validator.swift; sourceTree = "<group>"; };
		022115B52A8E5FE4001E52C1 /* DefaultValidatorFactory.swift */ = {isa = PBXFileReference; lastKnownFileType = sourcecode.swift; path = DefaultValidatorFactory.swift; sourceTree = "<group>"; };
		022115C92A8E851B001E52C1 /* ListConversion_Preview.swift */ = {isa = PBXFileReference; fileEncoding = 4; lastKnownFileType = sourcecode.swift; path = ListConversion_Preview.swift; sourceTree = "<group>"; };
		022115D02A8E89B0001E52C1 /* CurrencyTableViewCell.swift */ = {isa = PBXFileReference; lastKnownFileType = sourcecode.swift; path = CurrencyTableViewCell.swift; sourceTree = "<group>"; };
		022115D22A8E8B69001E52C1 /* CurrencyTableViewCellView.swift */ = {isa = PBXFileReference; lastKnownFileType = sourcecode.swift; path = CurrencyTableViewCellView.swift; sourceTree = "<group>"; };
		022115D52A8E96E3001E52C1 /* SortCurrenciesView.swift */ = {isa = PBXFileReference; lastKnownFileType = sourcecode.swift; path = SortCurrenciesView.swift; sourceTree = "<group>"; };
		022E2F7F2A8FB272008EB753 /* Environment.swift */ = {isa = PBXFileReference; lastKnownFileType = sourcecode.swift; path = Environment.swift; sourceTree = "<group>"; };
		022E2F812A8FB3BF008EB753 /* Debug.xcconfig */ = {isa = PBXFileReference; lastKnownFileType = text.xcconfig; path = Debug.xcconfig; sourceTree = "<group>"; };
		022E2F822A8FB3C9008EB753 /* Release.xcconfig */ = {isa = PBXFileReference; fileEncoding = 4; lastKnownFileType = text.xcconfig; path = Release.xcconfig; sourceTree = "<group>"; };
		026CF09C2A968C7100496C15 /* ListCurrencyViewModelResponse.swift */ = {isa = PBXFileReference; lastKnownFileType = sourcecode.swift; path = ListCurrencyViewModelResponse.swift; sourceTree = "<group>"; };
		026CF0C62A96C62E00496C15 /* CurrencySymbols.json */ = {isa = PBXFileReference; lastKnownFileType = text.json; path = CurrencySymbols.json; sourceTree = SOURCE_ROOT; };
		026CF0D22A96C82E00496C15 /* pt */ = {isa = PBXFileReference; lastKnownFileType = text.plist.strings; name = pt; path = Localizable.strings; sourceTree = "<group>"; };
		026CF0D92A96E47700496C15 /* ListCurrencySymbolsUseCase.swift */ = {isa = PBXFileReference; lastKnownFileType = sourcecode.swift; path = ListCurrencySymbolsUseCase.swift; sourceTree = "<group>"; };
		026CF0DC2A96E4C000496C15 /* ListCurrencySymbolsViewModelResponse.swift */ = {isa = PBXFileReference; lastKnownFileType = sourcecode.swift; path = ListCurrencySymbolsViewModelResponse.swift; sourceTree = "<group>"; };
		026CF0DF2A96E5C200496C15 /* CurrenciesToDTO.swift */ = {isa = PBXFileReference; lastKnownFileType = sourcecode.swift; path = CurrenciesToDTO.swift; sourceTree = "<group>"; };
		026CF0E12A96E86200496C15 /* FileListCurrencySymbolsUseCaseImpl.swift */ = {isa = PBXFileReference; lastKnownFileType = sourcecode.swift; path = FileListCurrencySymbolsUseCaseImpl.swift; sourceTree = "<group>"; };
		026CF0E52A96EA5300496C15 /* ReadFile.swift */ = {isa = PBXFileReference; lastKnownFileType = sourcecode.swift; path = ReadFile.swift; sourceTree = "<group>"; };
		026CF0E72A96EC8D00496C15 /* FileErrors.swift */ = {isa = PBXFileReference; lastKnownFileType = sourcecode.swift; path = FileErrors.swift; sourceTree = "<group>"; };
		026CF0EB2A96EE1900496C15 /* ListCurrencySymbolsUseCaseFileGatewayImpl.swift */ = {isa = PBXFileReference; lastKnownFileType = sourcecode.swift; path = ListCurrencySymbolsUseCaseFileGatewayImpl.swift; sourceTree = "<group>"; };
		026CF0ED2A96EECD00496C15 /* ListCurrencySymbolsUseCaseGateway.swift */ = {isa = PBXFileReference; lastKnownFileType = sourcecode.swift; path = ListCurrencySymbolsUseCaseGateway.swift; sourceTree = "<group>"; };
		026CF0F02A96F3C800496C15 /* CurrencySymbolsCodable.swift */ = {isa = PBXFileReference; lastKnownFileType = sourcecode.swift; path = CurrencySymbolsCodable.swift; sourceTree = "<group>"; };
		026CF0F32A9790A400496C15 /* SearchCurrenciesViewModel.swift */ = {isa = PBXFileReference; lastKnownFileType = sourcecode.swift; path = SearchCurrenciesViewModel.swift; sourceTree = "<group>"; };
		026CF0F62A9790D700496C15 /* FavoriteCurrencyViewModel.swift */ = {isa = PBXFileReference; lastKnownFileType = sourcecode.swift; path = FavoriteCurrencyViewModel.swift; sourceTree = "<group>"; };
		026CF0FA2A979BF800496C15 /* SortCurrenciesViewModel.swift */ = {isa = PBXFileReference; lastKnownFileType = sourcecode.swift; path = SortCurrenciesViewModel.swift; sourceTree = "<group>"; };
		026CF0FC2A979C2600496C15 /* ListCurrenciesTableViewCell.swift */ = {isa = PBXFileReference; lastKnownFileType = sourcecode.swift; path = ListCurrenciesTableViewCell.swift; sourceTree = "<group>"; };
		026CF0FE2A97B16C00496C15 /* URLSessionNetwork.swift */ = {isa = PBXFileReference; fileEncoding = 4; lastKnownFileType = sourcecode.swift; path = URLSessionNetwork.swift; sourceTree = "<group>"; };
		028E0EF42A94256B007E2ECF /* URLFactory.swift */ = {isa = PBXFileReference; lastKnownFileType = sourcecode.swift; path = URLFactory.swift; sourceTree = "<group>"; };
		028E0EF62A9433B4007E2ECF /* RemoteListCurrenciesUseCaseGateway.swift */ = {isa = PBXFileReference; lastKnownFileType = sourcecode.swift; path = RemoteListCurrenciesUseCaseGateway.swift; sourceTree = "<group>"; };
		028E0EFD2A9504D6007E2ECF /* HTTPGetClient.swift */ = {isa = PBXFileReference; fileEncoding = 4; lastKnownFileType = sourcecode.swift; path = HTTPGetClient.swift; sourceTree = "<group>"; };
		028E0F042A952356007E2ECF /* ApplicationErrors.swift */ = {isa = PBXFileReference; fileEncoding = 4; lastKnownFileType = sourcecode.swift; path = ApplicationErrors.swift; sourceTree = "<group>"; };
		028E0F0F2A9538F6007E2ECF /* CurrenciesCodable.swift */ = {isa = PBXFileReference; lastKnownFileType = sourcecode.swift; path = CurrenciesCodable.swift; sourceTree = "<group>"; };
		028E0F192A959DB3007E2ECF /* ListCurrenciesUseCaseGateway.swift */ = {isa = PBXFileReference; lastKnownFileType = sourcecode.swift; path = ListCurrenciesUseCaseGateway.swift; sourceTree = "<group>"; };
		028E0F262A963D79007E2ECF /* UIView+Extension.swift */ = {isa = PBXFileReference; fileEncoding = 4; lastKnownFileType = sourcecode.swift; path = "UIView+Extension.swift"; sourceTree = "<group>"; };
		02A9E7582A90E5FD006935A3 /* ConversionModel.swift */ = {isa = PBXFileReference; lastKnownFileType = sourcecode.swift; path = ConversionModel.swift; sourceTree = "<group>"; };
		02A9E7602A910627006935A3 /* CurrencyConversion.swift */ = {isa = PBXFileReference; lastKnownFileType = sourcecode.swift; path = CurrencyConversion.swift; sourceTree = "<group>"; };
		02A9E7652A911182006935A3 /* DomainError.swift */ = {isa = PBXFileReference; lastKnownFileType = sourcecode.swift; path = DomainError.swift; sourceTree = "<group>"; };
		02A9E7682A91216B006935A3 /* TestExtension.swift */ = {isa = PBXFileReference; fileEncoding = 4; lastKnownFileType = sourcecode.swift; path = TestExtension.swift; sourceTree = "<group>"; };
		02AE7C2F2A8EB93B00A2608D /* CurrencyTableViewCellView_Preview.swift */ = {isa = PBXFileReference; lastKnownFileType = sourcecode.swift; path = CurrencyTableViewCellView_Preview.swift; sourceTree = "<group>"; };
		02AE7C322A8EBAF000A2608D /* CardCurrencyView.swift */ = {isa = PBXFileReference; lastKnownFileType = sourcecode.swift; path = CardCurrencyView.swift; sourceTree = "<group>"; };
		02AE7C342A8EBB8C00A2608D /* CardCurrencyInput.swift */ = {isa = PBXFileReference; lastKnownFileType = sourcecode.swift; path = CardCurrencyInput.swift; sourceTree = "<group>"; };
		02AE7C362A8EBC7900A2608D /* CardCurrencyView_Preview.swift */ = {isa = PBXFileReference; fileEncoding = 4; lastKnownFileType = sourcecode.swift; path = CardCurrencyView_Preview.swift; sourceTree = "<group>"; };
		02E1AACC2A913CF400BF0D51 /* ListCurrenciesUseCaseImpl.swift */ = {isa = PBXFileReference; lastKnownFileType = sourcecode.swift; path = ListCurrenciesUseCaseImpl.swift; sourceTree = "<group>"; };
		02E1AACF2A913E4E00BF0D51 /* HTTPPost.swift */ = {isa = PBXFileReference; lastKnownFileType = sourcecode.swift; path = HTTPPost.swift; sourceTree = "<group>"; };
		02E1AAD52A913F8E00BF0D51 /* HTTPErrors.swift */ = {isa = PBXFileReference; fileEncoding = 4; lastKnownFileType = sourcecode.swift; path = HTTPErrors.swift; sourceTree = "<group>"; };
		02E1AADF2A9162F200BF0D51 /* Alamofire.swift */ = {isa = PBXFileReference; lastKnownFileType = sourcecode.swift; path = Alamofire.swift; sourceTree = "<group>"; };
		02E1AAE42A92665C00BF0D51 /* ListCurrenciesViewModel.swift */ = {isa = PBXFileReference; lastKnownFileType = sourcecode.swift; path = ListCurrenciesViewModel.swift; sourceTree = "<group>"; };
		02E1AAE62A9266D100BF0D51 /* ListCurrenciesViewModelImpl.swift */ = {isa = PBXFileReference; lastKnownFileType = sourcecode.swift; path = ListCurrenciesViewModelImpl.swift; sourceTree = "<group>"; };
		02E1AAEB2A92838500BF0D51 /* ListCurrenciesViewModelFactory.swift */ = {isa = PBXFileReference; lastKnownFileType = sourcecode.swift; path = ListCurrenciesViewModelFactory.swift; sourceTree = "<group>"; };
		02E1AAEE2A9283B500BF0D51 /* ListCurrenciesControllerFactory.swift */ = {isa = PBXFileReference; lastKnownFileType = sourcecode.swift; path = ListCurrenciesControllerFactory.swift; sourceTree = "<group>"; };
		02E1AAF02A928A7300BF0D51 /* ViewControllerFactoryProtocol.swift */ = {isa = PBXFileReference; lastKnownFileType = sourcecode.swift; path = ViewControllerFactoryProtocol.swift; sourceTree = "<group>"; };
		02E1AAF32A92944200BF0D51 /* CurrencyConversionControllerFactory.swift */ = {isa = PBXFileReference; lastKnownFileType = sourcecode.swift; path = CurrencyConversionControllerFactory.swift; sourceTree = "<group>"; };
		02E1AAF82A93968D00BF0D51 /* SearchCurrenciesViewModelImpl.swift */ = {isa = PBXFileReference; lastKnownFileType = sourcecode.swift; path = SearchCurrenciesViewModelImpl.swift; sourceTree = "<group>"; };
		02E1AAFB2A9396B300BF0D51 /* SortCurrenciesViewModelImpl.swift */ = {isa = PBXFileReference; lastKnownFileType = sourcecode.swift; path = SortCurrenciesViewModelImpl.swift; sourceTree = "<group>"; };
		02E1AAFE2A9396E200BF0D51 /* FavoriteCurrencyViewModelImpl.swift */ = {isa = PBXFileReference; lastKnownFileType = sourcecode.swift; path = FavoriteCurrencyViewModelImpl.swift; sourceTree = "<group>"; };
		02E1AB042A939A5000BF0D51 /* ListCurrenciesUseCase.swift */ = {isa = PBXFileReference; lastKnownFileType = sourcecode.swift; path = ListCurrenciesUseCase.swift; sourceTree = "<group>"; };
/* End PBXFileReference section */

/* Begin PBXFrameworksBuildPhase section */
		022114F52A8A5F24001E52C1 /* Frameworks */ = {
			isa = PBXFrameworksBuildPhase;
			buildActionMask = 2147483647;
			files = (
				02E1AADC2A9162C100BF0D51 /* Alamofire in Frameworks */,
			);
			runOnlyForDeploymentPostprocessing = 0;
		};
		0221150B2A8A5F26001E52C1 /* Frameworks */ = {
			isa = PBXFrameworksBuildPhase;
			buildActionMask = 2147483647;
			files = (
			);
			runOnlyForDeploymentPostprocessing = 0;
		};
/* End PBXFrameworksBuildPhase section */

/* Begin PBXGroup section */
		022114EF2A8A5F24001E52C1 = {
			isa = PBXGroup;
			children = (
				022114FA2A8A5F24001E52C1 /* currency-conversion-mvvm */,
				022115112A8A5F26001E52C1 /* currency-conversion-mvvmTests */,
				022114F92A8A5F24001E52C1 /* Products */,
			);
			sourceTree = "<group>";
		};
		022114F92A8A5F24001E52C1 /* Products */ = {
			isa = PBXGroup;
			children = (
				022114F82A8A5F24001E52C1 /* currency-conversion-mvvm.app */,
				0221150E2A8A5F26001E52C1 /* currency-conversion-mvvmTests.xctest */,
			);
			name = Products;
			sourceTree = "<group>";
		};
		022114FA2A8A5F24001E52C1 /* currency-conversion-mvvm */ = {
			isa = PBXGroup;
			children = (
				02A9E7572A90E5EA006935A3 /* Domain */,
				022E2F852A8FBC06008EB753 /* Application */,
				02E1AAC32A912FE900BF0D51 /* InterfaceAdapters */,
				028E0EFF2A952283007E2ECF /* Frameworks&Drivers */,
				02E1AAE82A92835100BF0D51 /* Main */,
			);
			path = "currency-conversion-mvvm";
			sourceTree = "<group>";
		};
		022115112A8A5F26001E52C1 /* currency-conversion-mvvmTests */ = {
			isa = PBXGroup;
			children = (
				02A9E7622A9110D3006935A3 /* Domain */,
				02A9E7672A912157006935A3 /* Extension */,
			);
			path = "currency-conversion-mvvmTests";
			sourceTree = "<group>";
		};
		0221152D2A8AA007001E52C1 /* ViewControllers */ = {
			isa = PBXGroup;
			children = (
				022115302A8AA074001E52C1 /* CurrencyConversion */,
				022115572A8BF4D6001E52C1 /* ListCurrencies */,
			);
			path = ViewControllers;
			sourceTree = "<group>";
		};
		022115302A8AA074001E52C1 /* CurrencyConversion */ = {
			isa = PBXGroup;
			children = (
				022115382A8AA2DF001E52C1 /* CurrencyConversion_Preview.swift */,
				0221152E2A8AA051001E52C1 /* CurrencyConversionViewController.swift */,
			);
			path = CurrencyConversion;
			sourceTree = "<group>";
		};
		022115352A8AA149001E52C1 /* Extensions */ = {
			isa = PBXGroup;
			children = (
				0221153C2A8AA758001E52C1 /* Int+Extension.swift */,
				0221153E2A8AA7E7001E52C1 /* Float+Extension.swift */,
				0221153A2A8AA6A9001E52C1 /* UIColor+Extension.swift */,
				022115362A8AA171001E52C1 /* UIViewController+Extension.swift */,
				028E0F262A963D79007E2ECF /* UIView+Extension.swift */,
				022115A42A8D9BAE001E52C1 /* UINavigationController+Extension.swift */,
			);
			path = Extensions;
			sourceTree = "<group>";
		};
		022115402A8AAAFC001E52C1 /* CurrencySymbolView */ = {
			isa = PBXGroup;
			children = (
				022115412A8AAC7D001E52C1 /* CurrencySymbolView.swift */,
				022115432A8AB84F001E52C1 /* CurrencySymbolViewInput.swift */,
			);
			path = CurrencySymbolView;
			sourceTree = "<group>";
		};
		022115462A8BAA6B001E52C1 /* Currency */ = {
			isa = PBXGroup;
			children = (
				022115472A8BAFF6001E52C1 /* CurrencyView.swift */,
				022115492A8BB47D001E52C1 /* CurrencyViewInput.swift */,
			);
			path = Currency;
			sourceTree = "<group>";
		};
		0221154B2A8BC2D3001E52C1 /* Coordinator */ = {
			isa = PBXGroup;
			children = (
				0221154C2A8BC2DB001E52C1 /* Protocol */,
				0221154F2A8BC363001E52C1 /* CurrencyConversionCoordinator.swift */,
				0221155D2A8BF5DF001E52C1 /* ListCurrenciesCoordinator.swift */,
			);
			path = Coordinator;
			sourceTree = "<group>";
		};
		0221154C2A8BC2DB001E52C1 /* Protocol */ = {
			isa = PBXGroup;
			children = (
				022115AE2A8E5785001E52C1 /* ViewControllerCoordinator.swift */,
				0221154D2A8BC2FA001E52C1 /* Coordinator.swift */,
			);
			path = Protocol;
			sourceTree = "<group>";
		};
		022115542A8BC510001E52C1 /* Components */ = {
			isa = PBXGroup;
			children = (
				022115552A8BC529001E52C1 /* NavigationController.swift */,
			);
			path = Components;
			sourceTree = "<group>";
		};
		022115572A8BF4D6001E52C1 /* ListCurrencies */ = {
			isa = PBXGroup;
			children = (
				022115C92A8E851B001E52C1 /* ListConversion_Preview.swift */,
				022115582A8BF4FA001E52C1 /* ListCurrenciesViewController.swift */,
			);
			path = ListCurrencies;
			sourceTree = "<group>";
		};
		022115A62A8E501E001E52C1 /* Validator */ = {
			isa = PBXGroup;
			children = (
				022115AA2A8E5064001E52C1 /* Protocol */,
				022115B42A8E5FC0001E52C1 /* Factories */,
				022115A92A8E5058001E52C1 /* Validations */,
				022115B22A8E5C36001E52C1 /* Validator.swift */,
			);
			path = Validator;
			sourceTree = "<group>";
		};
		022115A92A8E5058001E52C1 /* Validations */ = {
			isa = PBXGroup;
			children = (
				022115A72A8E5037001E52C1 /* HasViewControllerBeenPushedValidation.swift */,
				022115B02A8E5ACD001E52C1 /* AuthenticationValidation.swift */,
			);
			path = Validations;
			sourceTree = "<group>";
		};
		022115AA2A8E5064001E52C1 /* Protocol */ = {
			isa = PBXGroup;
			children = (
				022115AB2A8E507D001E52C1 /* Validation.swift */,
			);
			path = Protocol;
			sourceTree = "<group>";
		};
		022115B42A8E5FC0001E52C1 /* Factories */ = {
			isa = PBXGroup;
			children = (
				022115B52A8E5FE4001E52C1 /* DefaultValidatorFactory.swift */,
			);
			path = Factories;
			sourceTree = "<group>";
		};
		022115C72A8E6B0D001E52C1 /* Validators */ = {
			isa = PBXGroup;
			children = (
				022115C82A8E6B18001E52C1 /* CoordinatorValidator */,
			);
			path = Validators;
			sourceTree = "<group>";
		};
		022115C82A8E6B18001E52C1 /* CoordinatorValidator */ = {
			isa = PBXGroup;
			children = (
				022115A62A8E501E001E52C1 /* Validator */,
			);
			path = CoordinatorValidator;
			sourceTree = "<group>";
		};
		022115CB2A8E869D001E52C1 /* Cells */ = {
			isa = PBXGroup;
			children = (
				022115CC2A8E86BC001E52C1 /* CurrencyTableViewCell */,
			);
			path = Cells;
			sourceTree = "<group>";
		};
		022115CC2A8E86BC001E52C1 /* CurrencyTableViewCell */ = {
			isa = PBXGroup;
			children = (
				028E0F0B2A953143007E2ECF /* View */,
				022115D02A8E89B0001E52C1 /* CurrencyTableViewCell.swift */,
			);
			path = CurrencyTableViewCell;
			sourceTree = "<group>";
		};
		022115CD2A8E873C001E52C1 /* Views */ = {
			isa = PBXGroup;
			children = (
				02AE7C312A8EB9EA00A2608D /* SharedViews */,
				022115CE2A8E8767001E52C1 /* CurrencyConversion */,
				022115CF2A8E8776001E52C1 /* ListCurrencies */,
			);
			path = Views;
			sourceTree = "<group>";
		};
		022115CE2A8E8767001E52C1 /* CurrencyConversion */ = {
			isa = PBXGroup;
			children = (
				022115462A8BAA6B001E52C1 /* Currency */,
				022115312A8AA082001E52C1 /* CurrencyConversionView.swift */,
			);
			path = CurrencyConversion;
			sourceTree = "<group>";
		};
		022115CF2A8E8776001E52C1 /* ListCurrencies */ = {
			isa = PBXGroup;
			children = (
				022115D42A8E9682001E52C1 /* SortCurrenciesView */,
				0221155A2A8BF53D001E52C1 /* ListCurrenciesView.swift */,
			);
			path = ListCurrencies;
			sourceTree = "<group>";
		};
		022115D42A8E9682001E52C1 /* SortCurrenciesView */ = {
			isa = PBXGroup;
			children = (
				022115D52A8E96E3001E52C1 /* SortCurrenciesView.swift */,
			);
			path = SortCurrenciesView;
			sourceTree = "<group>";
		};
		022E2F7D2A8FB241008EB753 /* UI */ = {
			isa = PBXGroup;
			children = (
				022115542A8BC510001E52C1 /* Components */,
				022115CB2A8E869D001E52C1 /* Cells */,
				022115CD2A8E873C001E52C1 /* Views */,
				0221152D2A8AA007001E52C1 /* ViewControllers */,
				0221154B2A8BC2D3001E52C1 /* Coordinator */,
			);
			path = UI;
			sourceTree = "<group>";
		};
		022E2F7E2A8FB25A008EB753 /* Env */ = {
			isa = PBXGroup;
			children = (
				022E2F7F2A8FB272008EB753 /* Environment.swift */,
				022E2F812A8FB3BF008EB753 /* Debug.xcconfig */,
				022E2F822A8FB3C9008EB753 /* Release.xcconfig */,
			);
			path = Env;
			sourceTree = "<group>";
		};
		022E2F852A8FBC06008EB753 /* Application */ = {
			isa = PBXGroup;
			children = (
				02E1AAD32A913F4500BF0D51 /* Errors */,
				028E0F012A9522F2007E2ECF /* UseCases */,
			);
			path = Application;
			sourceTree = "<group>";
		};
		026CF0A12A96A37E00496C15 /* DTO */ = {
			isa = PBXGroup;
			children = (
				026CF09C2A968C7100496C15 /* ListCurrencyViewModelResponse.swift */,
			);
			path = DTO;
			sourceTree = "<group>";
		};
		026CF0C22A96C36D00496C15 /* Resources */ = {
			isa = PBXGroup;
			children = (
				026CF0D02A96C81800496C15 /* pt.lproj */,
				026CF0C32A96C56B00496C15 /* Files */,
				022114FB2A8A5F24001E52C1 /* AppDelegate.swift */,
				022114FD2A8A5F24001E52C1 /* SceneDelegate.swift */,
				022115042A8A5F25001E52C1 /* Assets.xcassets */,
				022115062A8A5F25001E52C1 /* LaunchScreen.storyboard */,
				022115092A8A5F26001E52C1 /* Info.plist */,
			);
			path = Resources;
			sourceTree = "<group>";
		};
		026CF0C32A96C56B00496C15 /* Files */ = {
			isa = PBXGroup;
			children = (
				026CF0C62A96C62E00496C15 /* CurrencySymbols.json */,
			);
			path = Files;
			sourceTree = "<group>";
		};
		026CF0D02A96C81800496C15 /* pt.lproj */ = {
			isa = PBXGroup;
			children = (
				026CF0D12A96C82E00496C15 /* Localizable.strings */,
			);
			path = pt.lproj;
			sourceTree = "<group>";
		};
		026CF0D72A96DA5100496C15 /* ListCurrencySymbolsUseCase */ = {
			isa = PBXGroup;
			children = (
				026CF0DB2A96E49A00496C15 /* DTO */,
				026CF0D82A96DA8400496C15 /* Interface */,
				026CF0E12A96E86200496C15 /* FileListCurrencySymbolsUseCaseImpl.swift */,
			);
			path = ListCurrencySymbolsUseCase;
			sourceTree = "<group>";
		};
		026CF0D82A96DA8400496C15 /* Interface */ = {
			isa = PBXGroup;
			children = (
				026CF0D92A96E47700496C15 /* ListCurrencySymbolsUseCase.swift */,
				026CF0ED2A96EECD00496C15 /* ListCurrencySymbolsUseCaseGateway.swift */,
			);
			name = Interface;
			sourceTree = "<group>";
		};
		026CF0DB2A96E49A00496C15 /* DTO */ = {
			isa = PBXGroup;
			children = (
				026CF0DC2A96E4C000496C15 /* ListCurrencySymbolsViewModelResponse.swift */,
			);
			name = DTO;
			sourceTree = "<group>";
		};
		026CF0DE2A96E59B00496C15 /* Mappers */ = {
			isa = PBXGroup;
			children = (
				026CF0DF2A96E5C200496C15 /* CurrenciesToDTO.swift */,
			);
			path = Mappers;
			sourceTree = "<group>";
		};
		026CF0E32A96EA1200496C15 /* File */ = {
			isa = PBXGroup;
			children = (
				026CF0E52A96EA5300496C15 /* ReadFile.swift */,
			);
			path = File;
			sourceTree = "<group>";
		};
		026CF0E92A96ECEE00496C15 /* Interfaces */ = {
			isa = PBXGroup;
			children = (
				028E0F072A9523D1007E2ECF /* Network */,
				026CF0E32A96EA1200496C15 /* File */,
			);
			path = Interfaces;
			sourceTree = "<group>";
		};
		026CF0EA2A96EDD300496C15 /* ListCurrencySymbolsUseCaseGateway */ = {
			isa = PBXGroup;
			children = (
				026CF0EF2A96F3B300496C15 /* Codable */,
				026CF0EB2A96EE1900496C15 /* ListCurrencySymbolsUseCaseFileGatewayImpl.swift */,
			);
			path = ListCurrencySymbolsUseCaseGateway;
			sourceTree = "<group>";
		};
		026CF0EF2A96F3B300496C15 /* Codable */ = {
			isa = PBXGroup;
			children = (
				026CF0F02A96F3C800496C15 /* CurrencySymbolsCodable.swift */,
			);
			path = Codable;
			sourceTree = "<group>";
		};
		026CF0F22A97908500496C15 /* Impl */ = {
			isa = PBXGroup;
			children = (
				02E1AAE62A9266D100BF0D51 /* ListCurrenciesViewModelImpl.swift */,
			);
			path = Impl;
			sourceTree = "<group>";
		};
		026CF0F82A9790F200496C15 /* Impl */ = {
			isa = PBXGroup;
			children = (
				02E1AAFE2A9396E200BF0D51 /* FavoriteCurrencyViewModelImpl.swift */,
			);
			path = Impl;
			sourceTree = "<group>";
		};
		026CF0F92A97912700496C15 /* Impl */ = {
			isa = PBXGroup;
			children = (
				02E1AACC2A913CF400BF0D51 /* ListCurrenciesUseCaseImpl.swift */,
			);
			path = Impl;
			sourceTree = "<group>";
		};
		028E0EF32A942557007E2ECF /* URLFactory */ = {
			isa = PBXGroup;
			children = (
				028E0EF42A94256B007E2ECF /* URLFactory.swift */,
			);
			path = URLFactory;
			sourceTree = "<group>";
		};
		028E0EFC2A95034B007E2ECF /* ListCurrenciesUseCaseGateway */ = {
			isa = PBXGroup;
			children = (
				028E0F0E2A9538E1007E2ECF /* Codable */,
				028E0EF62A9433B4007E2ECF /* RemoteListCurrenciesUseCaseGateway.swift */,
			);
			path = ListCurrenciesUseCaseGateway;
			sourceTree = "<group>";
		};
		028E0EFF2A952283007E2ECF /* Frameworks&Drivers */ = {
			isa = PBXGroup;
			children = (
				022E2F7D2A8FB241008EB753 /* UI */,
				02E1AACA2A9132A900BF0D51 /* Network */,
				022115C72A8E6B0D001E52C1 /* Validators */,
			);
			path = "Frameworks&Drivers";
			sourceTree = "<group>";
		};
		028E0F012A9522F2007E2ECF /* UseCases */ = {
			isa = PBXGroup;
			children = (
				028E0F1B2A959E68007E2ECF /* ListCurrenciesUseCase */,
				026CF0D72A96DA5100496C15 /* ListCurrencySymbolsUseCase */,
			);
			path = UseCases;
			sourceTree = "<group>";
		};
		028E0F062A9523AA007E2ECF /* Errors */ = {
			isa = PBXGroup;
			children = (
				02E1AAD52A913F8E00BF0D51 /* HTTPErrors.swift */,
				026CF0E72A96EC8D00496C15 /* FileErrors.swift */,
			);
			path = Errors;
			sourceTree = "<group>";
		};
		028E0F072A9523D1007E2ECF /* Network */ = {
			isa = PBXGroup;
			children = (
				02E1AACF2A913E4E00BF0D51 /* HTTPPost.swift */,
				028E0EFD2A9504D6007E2ECF /* HTTPGetClient.swift */,
			);
			path = Network;
			sourceTree = "<group>";
		};
		028E0F0B2A953143007E2ECF /* View */ = {
			isa = PBXGroup;
			children = (
				02AE7C2F2A8EB93B00A2608D /* CurrencyTableViewCellView_Preview.swift */,
				022115D22A8E8B69001E52C1 /* CurrencyTableViewCellView.swift */,
			);
			path = View;
			sourceTree = "<group>";
		};
		028E0F0E2A9538E1007E2ECF /* Codable */ = {
			isa = PBXGroup;
			children = (
				028E0F0F2A9538F6007E2ECF /* CurrenciesCodable.swift */,
			);
			path = Codable;
			sourceTree = "<group>";
		};
		028E0F1B2A959E68007E2ECF /* ListCurrenciesUseCase */ = {
			isa = PBXGroup;
			children = (
				026CF0DE2A96E59B00496C15 /* Mappers */,
				026CF0A12A96A37E00496C15 /* DTO */,
				026CF0F92A97912700496C15 /* Impl */,
				02E1AB042A939A5000BF0D51 /* ListCurrenciesUseCase.swift */,
				028E0F192A959DB3007E2ECF /* ListCurrenciesUseCaseGateway.swift */,
			);
			path = ListCurrenciesUseCase;
			sourceTree = "<group>";
		};
		02A9E7562A90E5CB006935A3 /* ViewModels */ = {
			isa = PBXGroup;
			children = (
				02E1AAE22A92652D00BF0D51 /* ListCurrenciesViewModel */,
				02E1AAFD2A9396D900BF0D51 /* FavoriteCurrencyViewModel */,
				02E1AAF72A93951400BF0D51 /* SearchCurrenciesViewModel */,
				02E1AAFA2A9396AB00BF0D51 /* SortCurrenciesViewModel */,
			);
			path = ViewModels;
			sourceTree = "<group>";
		};
		02A9E7572A90E5EA006935A3 /* Domain */ = {
			isa = PBXGroup;
			children = (
				02A9E75A2A90E759006935A3 /* Entities */,
				02A9E75F2A910606006935A3 /* Models */,
				02A9E7642A911152006935A3 /* Errors */,
			);
			path = Domain;
			sourceTree = "<group>";
		};
		02A9E75A2A90E759006935A3 /* Entities */ = {
			isa = PBXGroup;
			children = (
				02A9E7602A910627006935A3 /* CurrencyConversion.swift */,
			);
			path = Entities;
			sourceTree = "<group>";
		};
		02A9E75F2A910606006935A3 /* Models */ = {
			isa = PBXGroup;
			children = (
				02A9E7582A90E5FD006935A3 /* ConversionModel.swift */,
			);
			path = Models;
			sourceTree = "<group>";
		};
		02A9E7622A9110D3006935A3 /* Domain */ = {
			isa = PBXGroup;
			children = (
				02A9E7632A9110E1006935A3 /* Entities */,
			);
			path = Domain;
			sourceTree = "<group>";
		};
		02A9E7632A9110E1006935A3 /* Entities */ = {
			isa = PBXGroup;
			children = (
				022115122A8A5F26001E52C1 /* CurrencyConversionTests.swift */,
			);
			path = Entities;
			sourceTree = "<group>";
		};
		02A9E7642A911152006935A3 /* Errors */ = {
			isa = PBXGroup;
			children = (
				02A9E7652A911182006935A3 /* DomainError.swift */,
			);
			path = Errors;
			sourceTree = "<group>";
		};
		02A9E7672A912157006935A3 /* Extension */ = {
			isa = PBXGroup;
			children = (
				02A9E7682A91216B006935A3 /* TestExtension.swift */,
			);
			path = Extension;
			sourceTree = "<group>";
		};
		02AE7C2D2A8EB52500A2608D /* CardCurrency */ = {
			isa = PBXGroup;
			children = (
				02AE7C362A8EBC7900A2608D /* CardCurrencyView_Preview.swift */,
				02AE7C322A8EBAF000A2608D /* CardCurrencyView.swift */,
				02AE7C342A8EBB8C00A2608D /* CardCurrencyInput.swift */,
			);
			path = CardCurrency;
			sourceTree = "<group>";
		};
		02AE7C312A8EB9EA00A2608D /* SharedViews */ = {
			isa = PBXGroup;
			children = (
				02AE7C2D2A8EB52500A2608D /* CardCurrency */,
				022115402A8AAAFC001E52C1 /* CurrencySymbolView */,
			);
			path = SharedViews;
			sourceTree = "<group>";
		};
		02E1AAC32A912FE900BF0D51 /* InterfaceAdapters */ = {
			isa = PBXGroup;
			children = (
				028E0F062A9523AA007E2ECF /* Errors */,
				026CF0E92A96ECEE00496C15 /* Interfaces */,
				02E1AAC82A9131C200BF0D51 /* UseCaseGateways */,
				02A9E7562A90E5CB006935A3 /* ViewModels */,
			);
			path = InterfaceAdapters;
			sourceTree = "<group>";
		};
		02E1AAC82A9131C200BF0D51 /* UseCaseGateways */ = {
			isa = PBXGroup;
			children = (
				028E0EFC2A95034B007E2ECF /* ListCurrenciesUseCaseGateway */,
				026CF0EA2A96EDD300496C15 /* ListCurrencySymbolsUseCaseGateway */,
			);
			path = UseCaseGateways;
			sourceTree = "<group>";
		};
		02E1AACA2A9132A900BF0D51 /* Network */ = {
			isa = PBXGroup;
			children = (
				02E1AADD2A9162DB00BF0D51 /* Alamofire */,
				02E1AADE2A9162E200BF0D51 /* URLSession */,
			);
			path = Network;
			sourceTree = "<group>";
		};
		02E1AAD32A913F4500BF0D51 /* Errors */ = {
			isa = PBXGroup;
			children = (
				028E0F042A952356007E2ECF /* ApplicationErrors.swift */,
			);
			path = Errors;
			sourceTree = "<group>";
		};
		02E1AADD2A9162DB00BF0D51 /* Alamofire */ = {
			isa = PBXGroup;
			children = (
				02E1AADF2A9162F200BF0D51 /* Alamofire.swift */,
			);
			path = Alamofire;
			sourceTree = "<group>";
		};
		02E1AADE2A9162E200BF0D51 /* URLSession */ = {
			isa = PBXGroup;
			children = (
				026CF0FE2A97B16C00496C15 /* URLSessionNetwork.swift */,
			);
			path = URLSession;
			sourceTree = "<group>";
		};
		02E1AAE22A92652D00BF0D51 /* ListCurrenciesViewModel */ = {
			isa = PBXGroup;
			children = (
				026CF0F22A97908500496C15 /* Impl */,
				02E1AAE42A92665C00BF0D51 /* ListCurrenciesViewModel.swift */,
				026CF0FC2A979C2600496C15 /* ListCurrenciesTableViewCell.swift */,
			);
			path = ListCurrenciesViewModel;
			sourceTree = "<group>";
		};
		02E1AAE82A92835100BF0D51 /* Main */ = {
			isa = PBXGroup;
			children = (
				02E1AAE92A92835C00BF0D51 /* Factories */,
				022115352A8AA149001E52C1 /* Extensions */,
				022E2F7E2A8FB25A008EB753 /* Env */,
				026CF0C22A96C36D00496C15 /* Resources */,
			);
			path = Main;
			sourceTree = "<group>";
		};
		02E1AAE92A92835C00BF0D51 /* Factories */ = {
			isa = PBXGroup;
			children = (
				028E0EF32A942557007E2ECF /* URLFactory */,
				02E1AAED2A92839F00BF0D51 /* ViewControllerFactories */,
				02E1AAEA2A92836500BF0D51 /* ViewModelFactories */,
			);
			path = Factories;
			sourceTree = "<group>";
		};
		02E1AAEA2A92836500BF0D51 /* ViewModelFactories */ = {
			isa = PBXGroup;
			children = (
				02E1AAEB2A92838500BF0D51 /* ListCurrenciesViewModelFactory.swift */,
			);
			path = ViewModelFactories;
			sourceTree = "<group>";
		};
		02E1AAED2A92839F00BF0D51 /* ViewControllerFactories */ = {
			isa = PBXGroup;
			children = (
				02E1AAF22A928A8700BF0D51 /* Protocol */,
				02E1AAF32A92944200BF0D51 /* CurrencyConversionControllerFactory.swift */,
				02E1AAEE2A9283B500BF0D51 /* ListCurrenciesControllerFactory.swift */,
			);
			path = ViewControllerFactories;
			sourceTree = "<group>";
		};
		02E1AAF22A928A8700BF0D51 /* Protocol */ = {
			isa = PBXGroup;
			children = (
				02E1AAF02A928A7300BF0D51 /* ViewControllerFactoryProtocol.swift */,
			);
			path = Protocol;
			sourceTree = "<group>";
		};
		02E1AAF72A93951400BF0D51 /* SearchCurrenciesViewModel */ = {
			isa = PBXGroup;
			children = (
				026CF0F32A9790A400496C15 /* SearchCurrenciesViewModel.swift */,
				02E1AAF82A93968D00BF0D51 /* SearchCurrenciesViewModelImpl.swift */,
			);
			path = SearchCurrenciesViewModel;
			sourceTree = "<group>";
		};
		02E1AAFA2A9396AB00BF0D51 /* SortCurrenciesViewModel */ = {
			isa = PBXGroup;
			children = (
				02E1AAFB2A9396B300BF0D51 /* SortCurrenciesViewModelImpl.swift */,
				026CF0FA2A979BF800496C15 /* SortCurrenciesViewModel.swift */,
			);
			path = SortCurrenciesViewModel;
			sourceTree = "<group>";
		};
		02E1AAFD2A9396D900BF0D51 /* FavoriteCurrencyViewModel */ = {
			isa = PBXGroup;
			children = (
				026CF0F82A9790F200496C15 /* Impl */,
				026CF0F62A9790D700496C15 /* FavoriteCurrencyViewModel.swift */,
			);
			path = FavoriteCurrencyViewModel;
			sourceTree = "<group>";
		};
/* End PBXGroup section */

/* Begin PBXNativeTarget section */
		022114F72A8A5F24001E52C1 /* currency-conversion-mvvm */ = {
			isa = PBXNativeTarget;
			buildConfigurationList = 022115222A8A5F26001E52C1 /* Build configuration list for PBXNativeTarget "currency-conversion-mvvm" */;
			buildPhases = (
				022114F42A8A5F24001E52C1 /* Sources */,
				022114F52A8A5F24001E52C1 /* Frameworks */,
				022114F62A8A5F24001E52C1 /* Resources */,
			);
			buildRules = (
			);
			dependencies = (
			);
			name = "currency-conversion-mvvm";
			packageProductDependencies = (
				02E1AADB2A9162C100BF0D51 /* Alamofire */,
			);
			productName = "currency-conversion-mvvm";
			productReference = 022114F82A8A5F24001E52C1 /* currency-conversion-mvvm.app */;
			productType = "com.apple.product-type.application";
		};
		0221150D2A8A5F26001E52C1 /* currency-conversion-mvvmTests */ = {
			isa = PBXNativeTarget;
			buildConfigurationList = 022115252A8A5F26001E52C1 /* Build configuration list for PBXNativeTarget "currency-conversion-mvvmTests" */;
			buildPhases = (
				0221150A2A8A5F26001E52C1 /* Sources */,
				0221150B2A8A5F26001E52C1 /* Frameworks */,
				0221150C2A8A5F26001E52C1 /* Resources */,
			);
			buildRules = (
			);
			dependencies = (
				022115102A8A5F26001E52C1 /* PBXTargetDependency */,
			);
			name = "currency-conversion-mvvmTests";
			productName = "currency-conversion-mvvmTests";
			productReference = 0221150E2A8A5F26001E52C1 /* currency-conversion-mvvmTests.xctest */;
			productType = "com.apple.product-type.bundle.unit-test";
		};
/* End PBXNativeTarget section */

/* Begin PBXProject section */
		022114F02A8A5F24001E52C1 /* Project object */ = {
			isa = PBXProject;
			attributes = {
				BuildIndependentTargetsInParallel = 1;
				LastSwiftUpdateCheck = 1430;
				LastUpgradeCheck = 1430;
				TargetAttributes = {
					022114F72A8A5F24001E52C1 = {
						CreatedOnToolsVersion = 14.3.1;
					};
					0221150D2A8A5F26001E52C1 = {
						CreatedOnToolsVersion = 14.3.1;
						TestTargetID = 022114F72A8A5F24001E52C1;
					};
				};
			};
			buildConfigurationList = 022114F32A8A5F24001E52C1 /* Build configuration list for PBXProject "currency-conversion-mvvm" */;
			compatibilityVersion = "Xcode 14.0";
			developmentRegion = en;
			hasScannedForEncodings = 0;
			knownRegions = (
				en,
				Base,
				pt,
			);
			mainGroup = 022114EF2A8A5F24001E52C1;
			packageReferences = (
				02E1AADA2A9162C100BF0D51 /* XCRemoteSwiftPackageReference "Alamofire" */,
			);
			productRefGroup = 022114F92A8A5F24001E52C1 /* Products */;
			projectDirPath = "";
			projectRoot = "";
			targets = (
				022114F72A8A5F24001E52C1 /* currency-conversion-mvvm */,
				0221150D2A8A5F26001E52C1 /* currency-conversion-mvvmTests */,
			);
		};
/* End PBXProject section */

/* Begin PBXResourcesBuildPhase section */
		022114F62A8A5F24001E52C1 /* Resources */ = {
			isa = PBXResourcesBuildPhase;
			buildActionMask = 2147483647;
			files = (
				026CF0D32A96C82E00496C15 /* Localizable.strings in Resources */,
				026CF0C72A96C62E00496C15 /* CurrencySymbols.json in Resources */,
				022115082A8A5F25001E52C1 /* LaunchScreen.storyboard in Resources */,
				022115052A8A5F25001E52C1 /* Assets.xcassets in Resources */,
				022E2F832A8FB3C9008EB753 /* Release.xcconfig in Resources */,
			);
			runOnlyForDeploymentPostprocessing = 0;
		};
		0221150C2A8A5F26001E52C1 /* Resources */ = {
			isa = PBXResourcesBuildPhase;
			buildActionMask = 2147483647;
			files = (
			);
			runOnlyForDeploymentPostprocessing = 0;
		};
/* End PBXResourcesBuildPhase section */

/* Begin PBXSourcesBuildPhase section */
		022114F42A8A5F24001E52C1 /* Sources */ = {
			isa = PBXSourcesBuildPhase;
			buildActionMask = 2147483647;
			files = (
				022115AC2A8E507D001E52C1 /* Validation.swift in Sources */,
				022115A82A8E5037001E52C1 /* HasViewControllerBeenPushedValidation.swift in Sources */,
				02E1AAFF2A9396E200BF0D51 /* FavoriteCurrencyViewModelImpl.swift in Sources */,
				02E1AAF92A93968D00BF0D51 /* SearchCurrenciesViewModelImpl.swift in Sources */,
				026CF0DA2A96E47700496C15 /* ListCurrencySymbolsUseCase.swift in Sources */,
				026CF09D2A968C7100496C15 /* ListCurrencyViewModelResponse.swift in Sources */,
				0221153B2A8AA6AA001E52C1 /* UIColor+Extension.swift in Sources */,
				022115B62A8E5FE4001E52C1 /* DefaultValidatorFactory.swift in Sources */,
				026CF0E82A96EC8D00496C15 /* FileErrors.swift in Sources */,
				022115AF2A8E5785001E52C1 /* ViewControllerCoordinator.swift in Sources */,
				022115B12A8E5ACD001E52C1 /* AuthenticationValidation.swift in Sources */,
				022114FC2A8A5F24001E52C1 /* AppDelegate.swift in Sources */,
				026CF0F72A9790D700496C15 /* FavoriteCurrencyViewModel.swift in Sources */,
				02E1AAE52A92665C00BF0D51 /* ListCurrenciesViewModel.swift in Sources */,
				022115442A8AB84F001E52C1 /* CurrencySymbolViewInput.swift in Sources */,
				02E1AAD62A913F8E00BF0D51 /* HTTPErrors.swift in Sources */,
				026CF0F42A9790A400496C15 /* SearchCurrenciesViewModel.swift in Sources */,
				022115D32A8E8B69001E52C1 /* CurrencyTableViewCellView.swift in Sources */,
				0221152F2A8AA051001E52C1 /* CurrencyConversionViewController.swift in Sources */,
				028E0F052A952356007E2ECF /* ApplicationErrors.swift in Sources */,
				0221154A2A8BB47D001E52C1 /* CurrencyViewInput.swift in Sources */,
				022115562A8BC529001E52C1 /* NavigationController.swift in Sources */,
				022115422A8AAC7D001E52C1 /* CurrencySymbolView.swift in Sources */,
				022115A52A8D9BAE001E52C1 /* UINavigationController+Extension.swift in Sources */,
				026CF0FF2A97B16C00496C15 /* URLSessionNetwork.swift in Sources */,
				02E1AAF42A92944200BF0D51 /* CurrencyConversionControllerFactory.swift in Sources */,
				0221154E2A8BC2FA001E52C1 /* Coordinator.swift in Sources */,
				026CF0EC2A96EE1900496C15 /* ListCurrencySymbolsUseCaseFileGatewayImpl.swift in Sources */,
				02E1AAD02A913E4E00BF0D51 /* HTTPPost.swift in Sources */,
				022114FE2A8A5F24001E52C1 /* SceneDelegate.swift in Sources */,
				026CF0FD2A979C2600496C15 /* ListCurrenciesTableViewCell.swift in Sources */,
				026CF0DD2A96E4C000496C15 /* ListCurrencySymbolsViewModelResponse.swift in Sources */,
				02AE7C372A8EBC7900A2608D /* CardCurrencyView_Preview.swift in Sources */,
				026CF0FB2A979BF800496C15 /* SortCurrenciesViewModel.swift in Sources */,
				022115392A8AA2DF001E52C1 /* CurrencyConversion_Preview.swift in Sources */,
				02E1AACD2A913CF400BF0D51 /* ListCurrenciesUseCaseImpl.swift in Sources */,
				02A9E7612A910627006935A3 /* CurrencyConversion.swift in Sources */,
				02AE7C332A8EBAF000A2608D /* CardCurrencyView.swift in Sources */,
				02E1AAE02A9162F200BF0D51 /* Alamofire.swift in Sources */,
				022115D12A8E89B0001E52C1 /* CurrencyTableViewCell.swift in Sources */,
				026CF0E22A96E86200496C15 /* FileListCurrencySymbolsUseCaseImpl.swift in Sources */,
				02E1AB052A939A5000BF0D51 /* ListCurrenciesUseCase.swift in Sources */,
				026CF0EE2A96EECD00496C15 /* ListCurrencySymbolsUseCaseGateway.swift in Sources */,
				022115482A8BAFF6001E52C1 /* CurrencyView.swift in Sources */,
				028E0F1A2A959DB3007E2ECF /* ListCurrenciesUseCaseGateway.swift in Sources */,
				022115372A8AA171001E52C1 /* UIViewController+Extension.swift in Sources */,
				0221155E2A8BF5E0001E52C1 /* ListCurrenciesCoordinator.swift in Sources */,
				026CF0E02A96E5C200496C15 /* CurrenciesToDTO.swift in Sources */,
				02A9E7662A911182006935A3 /* DomainError.swift in Sources */,
				02E1AAF12A928A7300BF0D51 /* ViewControllerFactoryProtocol.swift in Sources */,
				0221153D2A8AA758001E52C1 /* Int+Extension.swift in Sources */,
				028E0F272A963D79007E2ECF /* UIView+Extension.swift in Sources */,
				028E0EFE2A9504D6007E2ECF /* HTTPGetClient.swift in Sources */,
				02E1AAE72A9266D100BF0D51 /* ListCurrenciesViewModelImpl.swift in Sources */,
				028E0EF72A9433B4007E2ECF /* RemoteListCurrenciesUseCaseGateway.swift in Sources */,
				022E2F802A8FB272008EB753 /* Environment.swift in Sources */,
				026CF0E62A96EA5300496C15 /* ReadFile.swift in Sources */,
				028E0F102A9538F6007E2ECF /* CurrenciesCodable.swift in Sources */,
				0221155B2A8BF53D001E52C1 /* ListCurrenciesView.swift in Sources */,
				02E1AAFC2A9396B300BF0D51 /* SortCurrenciesViewModelImpl.swift in Sources */,
				022115592A8BF4FA001E52C1 /* ListCurrenciesViewController.swift in Sources */,
				02E1AAEC2A92838500BF0D51 /* ListCurrenciesViewModelFactory.swift in Sources */,
				022115502A8BC364001E52C1 /* CurrencyConversionCoordinator.swift in Sources */,
				028E0EF52A94256B007E2ECF /* URLFactory.swift in Sources */,
				022115D62A8E96E4001E52C1 /* SortCurrenciesView.swift in Sources */,
				026CF0F12A96F3C800496C15 /* CurrencySymbolsCodable.swift in Sources */,
				022115CA2A8E851B001E52C1 /* ListConversion_Preview.swift in Sources */,
				022115B32A8E5C36001E52C1 /* Validator.swift in Sources */,
				02A9E7592A90E5FD006935A3 /* ConversionModel.swift in Sources */,
				0221153F2A8AA7E7001E52C1 /* Float+Extension.swift in Sources */,
				02E1AAEF2A9283B500BF0D51 /* ListCurrenciesControllerFactory.swift in Sources */,
				02AE7C352A8EBB8C00A2608D /* CardCurrencyInput.swift in Sources */,
				022115322A8AA082001E52C1 /* CurrencyConversionView.swift in Sources */,
				02AE7C302A8EB93B00A2608D /* CurrencyTableViewCellView_Preview.swift in Sources */,
			);
			runOnlyForDeploymentPostprocessing = 0;
		};
		0221150A2A8A5F26001E52C1 /* Sources */ = {
			isa = PBXSourcesBuildPhase;
			buildActionMask = 2147483647;
			files = (
				022115132A8A5F26001E52C1 /* CurrencyConversionTests.swift in Sources */,
				02A9E7692A91216B006935A3 /* TestExtension.swift in Sources */,
			);
			runOnlyForDeploymentPostprocessing = 0;
		};
/* End PBXSourcesBuildPhase section */

/* Begin PBXTargetDependency section */
		022115102A8A5F26001E52C1 /* PBXTargetDependency */ = {
			isa = PBXTargetDependency;
			target = 022114F72A8A5F24001E52C1 /* currency-conversion-mvvm */;
			targetProxy = 0221150F2A8A5F26001E52C1 /* PBXContainerItemProxy */;
		};
/* End PBXTargetDependency section */

/* Begin PBXVariantGroup section */
		022115062A8A5F25001E52C1 /* LaunchScreen.storyboard */ = {
			isa = PBXVariantGroup;
			children = (
				022115072A8A5F25001E52C1 /* Base */,
			);
			name = LaunchScreen.storyboard;
			sourceTree = "<group>";
		};
		026CF0D12A96C82E00496C15 /* Localizable.strings */ = {
			isa = PBXVariantGroup;
			children = (
				026CF0D22A96C82E00496C15 /* pt */,
			);
			name = Localizable.strings;
			sourceTree = "<group>";
		};
/* End PBXVariantGroup section */

/* Begin XCBuildConfiguration section */
		022115202A8A5F26001E52C1 /* Debug */ = {
			isa = XCBuildConfiguration;
			buildSettings = {
				ALWAYS_SEARCH_USER_PATHS = NO;
				CLANG_ANALYZER_NONNULL = YES;
				CLANG_ANALYZER_NUMBER_OBJECT_CONVERSION = YES_AGGRESSIVE;
				CLANG_CXX_LANGUAGE_STANDARD = "gnu++20";
				CLANG_ENABLE_MODULES = YES;
				CLANG_ENABLE_OBJC_ARC = YES;
				CLANG_ENABLE_OBJC_WEAK = YES;
				CLANG_WARN_BLOCK_CAPTURE_AUTORELEASING = YES;
				CLANG_WARN_BOOL_CONVERSION = YES;
				CLANG_WARN_COMMA = YES;
				CLANG_WARN_CONSTANT_CONVERSION = YES;
				CLANG_WARN_DEPRECATED_OBJC_IMPLEMENTATIONS = YES;
				CLANG_WARN_DIRECT_OBJC_ISA_USAGE = YES_ERROR;
				CLANG_WARN_DOCUMENTATION_COMMENTS = YES;
				CLANG_WARN_EMPTY_BODY = YES;
				CLANG_WARN_ENUM_CONVERSION = YES;
				CLANG_WARN_INFINITE_RECURSION = YES;
				CLANG_WARN_INT_CONVERSION = YES;
				CLANG_WARN_NON_LITERAL_NULL_CONVERSION = YES;
				CLANG_WARN_OBJC_IMPLICIT_RETAIN_SELF = YES;
				CLANG_WARN_OBJC_LITERAL_CONVERSION = YES;
				CLANG_WARN_OBJC_ROOT_CLASS = YES_ERROR;
				CLANG_WARN_QUOTED_INCLUDE_IN_FRAMEWORK_HEADER = YES;
				CLANG_WARN_RANGE_LOOP_ANALYSIS = YES;
				CLANG_WARN_STRICT_PROTOTYPES = YES;
				CLANG_WARN_SUSPICIOUS_MOVE = YES;
				CLANG_WARN_UNGUARDED_AVAILABILITY = YES_AGGRESSIVE;
				CLANG_WARN_UNREACHABLE_CODE = YES;
				CLANG_WARN__DUPLICATE_METHOD_MATCH = YES;
				COPY_PHASE_STRIP = NO;
				DEBUG_INFORMATION_FORMAT = dwarf;
				ENABLE_STRICT_OBJC_MSGSEND = YES;
				ENABLE_TESTABILITY = YES;
				GCC_C_LANGUAGE_STANDARD = gnu11;
				GCC_DYNAMIC_NO_PIC = NO;
				GCC_NO_COMMON_BLOCKS = YES;
				GCC_OPTIMIZATION_LEVEL = 0;
				GCC_PREPROCESSOR_DEFINITIONS = (
					"DEBUG=1",
					"$(inherited)",
				);
				GCC_WARN_64_TO_32_BIT_CONVERSION = YES;
				GCC_WARN_ABOUT_RETURN_TYPE = YES_ERROR;
				GCC_WARN_UNDECLARED_SELECTOR = YES;
				GCC_WARN_UNINITIALIZED_AUTOS = YES_AGGRESSIVE;
				GCC_WARN_UNUSED_FUNCTION = YES;
				GCC_WARN_UNUSED_VARIABLE = YES;
				IPHONEOS_DEPLOYMENT_TARGET = 15.0;
				MTL_ENABLE_DEBUG_INFO = INCLUDE_SOURCE;
				MTL_FAST_MATH = YES;
				ONLY_ACTIVE_ARCH = YES;
				SDKROOT = iphoneos;
				SWIFT_ACTIVE_COMPILATION_CONDITIONS = DEBUG;
				SWIFT_OPTIMIZATION_LEVEL = "-Onone";
			};
			name = Debug;
		};
		022115212A8A5F26001E52C1 /* Release */ = {
			isa = XCBuildConfiguration;
			buildSettings = {
				ALWAYS_SEARCH_USER_PATHS = NO;
				CLANG_ANALYZER_NONNULL = YES;
				CLANG_ANALYZER_NUMBER_OBJECT_CONVERSION = YES_AGGRESSIVE;
				CLANG_CXX_LANGUAGE_STANDARD = "gnu++20";
				CLANG_ENABLE_MODULES = YES;
				CLANG_ENABLE_OBJC_ARC = YES;
				CLANG_ENABLE_OBJC_WEAK = YES;
				CLANG_WARN_BLOCK_CAPTURE_AUTORELEASING = YES;
				CLANG_WARN_BOOL_CONVERSION = YES;
				CLANG_WARN_COMMA = YES;
				CLANG_WARN_CONSTANT_CONVERSION = YES;
				CLANG_WARN_DEPRECATED_OBJC_IMPLEMENTATIONS = YES;
				CLANG_WARN_DIRECT_OBJC_ISA_USAGE = YES_ERROR;
				CLANG_WARN_DOCUMENTATION_COMMENTS = YES;
				CLANG_WARN_EMPTY_BODY = YES;
				CLANG_WARN_ENUM_CONVERSION = YES;
				CLANG_WARN_INFINITE_RECURSION = YES;
				CLANG_WARN_INT_CONVERSION = YES;
				CLANG_WARN_NON_LITERAL_NULL_CONVERSION = YES;
				CLANG_WARN_OBJC_IMPLICIT_RETAIN_SELF = YES;
				CLANG_WARN_OBJC_LITERAL_CONVERSION = YES;
				CLANG_WARN_OBJC_ROOT_CLASS = YES_ERROR;
				CLANG_WARN_QUOTED_INCLUDE_IN_FRAMEWORK_HEADER = YES;
				CLANG_WARN_RANGE_LOOP_ANALYSIS = YES;
				CLANG_WARN_STRICT_PROTOTYPES = YES;
				CLANG_WARN_SUSPICIOUS_MOVE = YES;
				CLANG_WARN_UNGUARDED_AVAILABILITY = YES_AGGRESSIVE;
				CLANG_WARN_UNREACHABLE_CODE = YES;
				CLANG_WARN__DUPLICATE_METHOD_MATCH = YES;
				COPY_PHASE_STRIP = NO;
				DEBUG_INFORMATION_FORMAT = "dwarf-with-dsym";
				ENABLE_NS_ASSERTIONS = NO;
				ENABLE_STRICT_OBJC_MSGSEND = YES;
				GCC_C_LANGUAGE_STANDARD = gnu11;
				GCC_NO_COMMON_BLOCKS = YES;
				GCC_WARN_64_TO_32_BIT_CONVERSION = YES;
				GCC_WARN_ABOUT_RETURN_TYPE = YES_ERROR;
				GCC_WARN_UNDECLARED_SELECTOR = YES;
				GCC_WARN_UNINITIALIZED_AUTOS = YES_AGGRESSIVE;
				GCC_WARN_UNUSED_FUNCTION = YES;
				GCC_WARN_UNUSED_VARIABLE = YES;
				IPHONEOS_DEPLOYMENT_TARGET = 15.0;
				MTL_ENABLE_DEBUG_INFO = NO;
				MTL_FAST_MATH = YES;
				SDKROOT = iphoneos;
				SWIFT_COMPILATION_MODE = wholemodule;
				SWIFT_OPTIMIZATION_LEVEL = "-O";
				VALIDATE_PRODUCT = YES;
			};
			name = Release;
		};
		022115232A8A5F26001E52C1 /* Debug */ = {
			isa = XCBuildConfiguration;
			baseConfigurationReference = 022E2F812A8FB3BF008EB753 /* Debug.xcconfig */;
			buildSettings = {
				ASSETCATALOG_COMPILER_APPICON_NAME = AppIcon;
				ASSETCATALOG_COMPILER_GLOBAL_ACCENT_COLOR_NAME = AccentColor;
				CODE_SIGN_STYLE = Automatic;
				CURRENT_PROJECT_VERSION = 1;
				DEVELOPMENT_TEAM = 2HCBZJR5K3;
				GENERATE_INFOPLIST_FILE = YES;
				INFOPLIST_FILE = "currency-conversion-mvvm/Main/Resources/Info.plist";
				INFOPLIST_KEY_UIApplicationSupportsIndirectInputEvents = YES;
				INFOPLIST_KEY_UILaunchStoryboardName = LaunchScreen;
				INFOPLIST_KEY_UIMainStoryboardFile = "";
				INFOPLIST_KEY_UISupportedInterfaceOrientations_iPad = "UIInterfaceOrientationPortrait UIInterfaceOrientationPortraitUpsideDown UIInterfaceOrientationLandscapeLeft UIInterfaceOrientationLandscapeRight";
				INFOPLIST_KEY_UISupportedInterfaceOrientations_iPhone = "UIInterfaceOrientationPortrait UIInterfaceOrientationLandscapeLeft UIInterfaceOrientationLandscapeRight";
				LD_RUNPATH_SEARCH_PATHS = (
					"$(inherited)",
					"@executable_path/Frameworks",
				);
				MARKETING_VERSION = 1.0;
				PRODUCT_BUNDLE_IDENTIFIER = "br.com.alecomparini.currency-conversion-mvvm";
				PRODUCT_NAME = "$(TARGET_NAME)";
				SWIFT_EMIT_LOC_STRINGS = YES;
				SWIFT_VERSION = 5.0;
				TARGETED_DEVICE_FAMILY = "1,2";
			};
			name = Debug;
		};
		022115242A8A5F26001E52C1 /* Release */ = {
			isa = XCBuildConfiguration;
			baseConfigurationReference = 022E2F822A8FB3C9008EB753 /* Release.xcconfig */;
			buildSettings = {
				ASSETCATALOG_COMPILER_APPICON_NAME = AppIcon;
				ASSETCATALOG_COMPILER_GLOBAL_ACCENT_COLOR_NAME = AccentColor;
				CODE_SIGN_STYLE = Automatic;
				CURRENT_PROJECT_VERSION = 1;
				DEVELOPMENT_TEAM = 2HCBZJR5K3;
				GENERATE_INFOPLIST_FILE = YES;
				INFOPLIST_FILE = "currency-conversion-mvvm/Main/Resources/Info.plist";
				INFOPLIST_KEY_UIApplicationSupportsIndirectInputEvents = YES;
				INFOPLIST_KEY_UILaunchStoryboardName = LaunchScreen;
				INFOPLIST_KEY_UIMainStoryboardFile = "";
				INFOPLIST_KEY_UISupportedInterfaceOrientations_iPad = "UIInterfaceOrientationPortrait UIInterfaceOrientationPortraitUpsideDown UIInterfaceOrientationLandscapeLeft UIInterfaceOrientationLandscapeRight";
				INFOPLIST_KEY_UISupportedInterfaceOrientations_iPhone = "UIInterfaceOrientationPortrait UIInterfaceOrientationLandscapeLeft UIInterfaceOrientationLandscapeRight";
				LD_RUNPATH_SEARCH_PATHS = (
					"$(inherited)",
					"@executable_path/Frameworks",
				);
				MARKETING_VERSION = 1.0;
				PRODUCT_BUNDLE_IDENTIFIER = "br.com.alecomparini.currency-conversion-mvvm";
				PRODUCT_NAME = "$(TARGET_NAME)";
				SWIFT_EMIT_LOC_STRINGS = YES;
				SWIFT_VERSION = 5.0;
				TARGETED_DEVICE_FAMILY = "1,2";
			};
			name = Release;
		};
		022115262A8A5F26001E52C1 /* Debug */ = {
			isa = XCBuildConfiguration;
			buildSettings = {
				ALWAYS_EMBED_SWIFT_STANDARD_LIBRARIES = YES;
				BUNDLE_LOADER = "$(TEST_HOST)";
				CODE_SIGN_STYLE = Automatic;
				CURRENT_PROJECT_VERSION = 1;
				DEVELOPMENT_TEAM = 2HCBZJR5K3;
				GENERATE_INFOPLIST_FILE = YES;
				IPHONEOS_DEPLOYMENT_TARGET = 16.4;
				MARKETING_VERSION = 1.0;
				PRODUCT_BUNDLE_IDENTIFIER = "br.com.alecomparini.currency-conversion-mvvmTests";
				PRODUCT_NAME = "$(TARGET_NAME)";
				SWIFT_EMIT_LOC_STRINGS = NO;
				SWIFT_VERSION = 5.0;
				TARGETED_DEVICE_FAMILY = "1,2";
				TEST_HOST = "$(BUILT_PRODUCTS_DIR)/currency-conversion-mvvm.app/$(BUNDLE_EXECUTABLE_FOLDER_PATH)/currency-conversion-mvvm";
			};
			name = Debug;
		};
		022115272A8A5F26001E52C1 /* Release */ = {
			isa = XCBuildConfiguration;
			buildSettings = {
				ALWAYS_EMBED_SWIFT_STANDARD_LIBRARIES = YES;
				BUNDLE_LOADER = "$(TEST_HOST)";
				CODE_SIGN_STYLE = Automatic;
				CURRENT_PROJECT_VERSION = 1;
				DEVELOPMENT_TEAM = 2HCBZJR5K3;
				GENERATE_INFOPLIST_FILE = YES;
				IPHONEOS_DEPLOYMENT_TARGET = 16.4;
				MARKETING_VERSION = 1.0;
				PRODUCT_BUNDLE_IDENTIFIER = "br.com.alecomparini.currency-conversion-mvvmTests";
				PRODUCT_NAME = "$(TARGET_NAME)";
				SWIFT_EMIT_LOC_STRINGS = NO;
				SWIFT_VERSION = 5.0;
				TARGETED_DEVICE_FAMILY = "1,2";
				TEST_HOST = "$(BUILT_PRODUCTS_DIR)/currency-conversion-mvvm.app/$(BUNDLE_EXECUTABLE_FOLDER_PATH)/currency-conversion-mvvm";
			};
			name = Release;
		};
/* End XCBuildConfiguration section */

/* Begin XCConfigurationList section */
		022114F32A8A5F24001E52C1 /* Build configuration list for PBXProject "currency-conversion-mvvm" */ = {
			isa = XCConfigurationList;
			buildConfigurations = (
				022115202A8A5F26001E52C1 /* Debug */,
				022115212A8A5F26001E52C1 /* Release */,
			);
			defaultConfigurationIsVisible = 0;
			defaultConfigurationName = Release;
		};
		022115222A8A5F26001E52C1 /* Build configuration list for PBXNativeTarget "currency-conversion-mvvm" */ = {
			isa = XCConfigurationList;
			buildConfigurations = (
				022115232A8A5F26001E52C1 /* Debug */,
				022115242A8A5F26001E52C1 /* Release */,
			);
			defaultConfigurationIsVisible = 0;
			defaultConfigurationName = Release;
		};
		022115252A8A5F26001E52C1 /* Build configuration list for PBXNativeTarget "currency-conversion-mvvmTests" */ = {
			isa = XCConfigurationList;
			buildConfigurations = (
				022115262A8A5F26001E52C1 /* Debug */,
				022115272A8A5F26001E52C1 /* Release */,
			);
			defaultConfigurationIsVisible = 0;
			defaultConfigurationName = Release;
		};
/* End XCConfigurationList section */

/* Begin XCRemoteSwiftPackageReference section */
		02E1AADA2A9162C100BF0D51 /* XCRemoteSwiftPackageReference "Alamofire" */ = {
			isa = XCRemoteSwiftPackageReference;
			repositoryURL = "https://github.com/Alamofire/Alamofire.git";
			requirement = {
				kind = upToNextMajorVersion;
				minimumVersion = 5.6.4;
			};
		};
/* End XCRemoteSwiftPackageReference section */

/* Begin XCSwiftPackageProductDependency section */
		02E1AADB2A9162C100BF0D51 /* Alamofire */ = {
			isa = XCSwiftPackageProductDependency;
			package = 02E1AADA2A9162C100BF0D51 /* XCRemoteSwiftPackageReference "Alamofire" */;
			productName = Alamofire;
		};
/* End XCSwiftPackageProductDependency section */
	};
	rootObject = 022114F02A8A5F24001E52C1 /* Project object */;
}
