// !$*UTF8*$!
{
	archiveVersion = 1;
	classes = {
	};
	objectVersion = 56;
	objects = {

/* Begin PBXBuildFile section */
		022114FC2A8A5F24001E52C1 /* AppDelegate.swift in Sources */ = {isa = PBXBuildFile; fileRef = 022114FB2A8A5F24001E52C1 /* AppDelegate.swift */; };
		022114FE2A8A5F24001E52C1 /* SceneDelegate.swift in Sources */ = {isa = PBXBuildFile; fileRef = 022114FD2A8A5F24001E52C1 /* SceneDelegate.swift */; };
		022115052A8A5F25001E52C1 /* Assets.xcassets in Resources */ = {isa = PBXBuildFile; fileRef = 022115042A8A5F25001E52C1 /* Assets.xcassets */; };
		022115082A8A5F25001E52C1 /* LaunchScreen.storyboard in Resources */ = {isa = PBXBuildFile; fileRef = 022115062A8A5F25001E52C1 /* LaunchScreen.storyboard */; };
		022115132A8A5F26001E52C1 /* currency_conversion_mvvmTests.swift in Sources */ = {isa = PBXBuildFile; fileRef = 022115122A8A5F26001E52C1 /* currency_conversion_mvvmTests.swift */; };
		0221152F2A8AA051001E52C1 /* CurrencyConversionViewController.swift in Sources */ = {isa = PBXBuildFile; fileRef = 0221152E2A8AA051001E52C1 /* CurrencyConversionViewController.swift */; };
		022115322A8AA082001E52C1 /* CurrencyConversionView.swift in Sources */ = {isa = PBXBuildFile; fileRef = 022115312A8AA082001E52C1 /* CurrencyConversionView.swift */; };
		022115372A8AA171001E52C1 /* UIViewController+Extension.swift in Sources */ = {isa = PBXBuildFile; fileRef = 022115362A8AA171001E52C1 /* UIViewController+Extension.swift */; };
		022115392A8AA2DF001E52C1 /* CurrencyConversionPreview.swift in Sources */ = {isa = PBXBuildFile; fileRef = 022115382A8AA2DF001E52C1 /* CurrencyConversionPreview.swift */; };
		0221153B2A8AA6AA001E52C1 /* UIColor+Extension.swift in Sources */ = {isa = PBXBuildFile; fileRef = 0221153A2A8AA6A9001E52C1 /* UIColor+Extension.swift */; };
		0221153D2A8AA758001E52C1 /* Int+Extension.swift in Sources */ = {isa = PBXBuildFile; fileRef = 0221153C2A8AA758001E52C1 /* Int+Extension.swift */; };
		0221153F2A8AA7E7001E52C1 /* Float+Extension.swift in Sources */ = {isa = PBXBuildFile; fileRef = 0221153E2A8AA7E7001E52C1 /* Float+Extension.swift */; };
		022115422A8AAC7D001E52C1 /* CurrencySymbolView.swift in Sources */ = {isa = PBXBuildFile; fileRef = 022115412A8AAC7D001E52C1 /* CurrencySymbolView.swift */; };
		022115442A8AB84F001E52C1 /* CurrencySymbolViewInput.swift in Sources */ = {isa = PBXBuildFile; fileRef = 022115432A8AB84F001E52C1 /* CurrencySymbolViewInput.swift */; };
		022115482A8BAFF6001E52C1 /* CurrencyView.swift in Sources */ = {isa = PBXBuildFile; fileRef = 022115472A8BAFF6001E52C1 /* CurrencyView.swift */; };
		0221154A2A8BB47D001E52C1 /* CurrencyViewInput.swift in Sources */ = {isa = PBXBuildFile; fileRef = 022115492A8BB47D001E52C1 /* CurrencyViewInput.swift */; };
		0221154E2A8BC2FA001E52C1 /* Coordinator.swift in Sources */ = {isa = PBXBuildFile; fileRef = 0221154D2A8BC2FA001E52C1 /* Coordinator.swift */; };
		022115502A8BC364001E52C1 /* CurrencyConversionCoordinator.swift in Sources */ = {isa = PBXBuildFile; fileRef = 0221154F2A8BC363001E52C1 /* CurrencyConversionCoordinator.swift */; };
		022115562A8BC529001E52C1 /* NavigationController.swift in Sources */ = {isa = PBXBuildFile; fileRef = 022115552A8BC529001E52C1 /* NavigationController.swift */; };
		022115592A8BF4FA001E52C1 /* SearchCurrenciesViewController.swift in Sources */ = {isa = PBXBuildFile; fileRef = 022115582A8BF4FA001E52C1 /* SearchCurrenciesViewController.swift */; };
		0221155B2A8BF53D001E52C1 /* SearchCurrenciesView.swift in Sources */ = {isa = PBXBuildFile; fileRef = 0221155A2A8BF53D001E52C1 /* SearchCurrenciesView.swift */; };
		0221155E2A8BF5E0001E52C1 /* SearchCurrenciesCoordinator.swift in Sources */ = {isa = PBXBuildFile; fileRef = 0221155D2A8BF5DF001E52C1 /* SearchCurrenciesCoordinator.swift */; };
/* End PBXBuildFile section */

/* Begin PBXContainerItemProxy section */
		0221150F2A8A5F26001E52C1 /* PBXContainerItemProxy */ = {
			isa = PBXContainerItemProxy;
			containerPortal = 022114F02A8A5F24001E52C1 /* Project object */;
			proxyType = 1;
			remoteGlobalIDString = 022114F72A8A5F24001E52C1;
			remoteInfo = "currency-conversion-mvvm";
		};
/* End PBXContainerItemProxy section */

/* Begin PBXFileReference section */
		022114F82A8A5F24001E52C1 /* currency-conversion-mvvm.app */ = {isa = PBXFileReference; explicitFileType = wrapper.application; includeInIndex = 0; path = "currency-conversion-mvvm.app"; sourceTree = BUILT_PRODUCTS_DIR; };
		022114FB2A8A5F24001E52C1 /* AppDelegate.swift */ = {isa = PBXFileReference; lastKnownFileType = sourcecode.swift; path = AppDelegate.swift; sourceTree = "<group>"; };
		022114FD2A8A5F24001E52C1 /* SceneDelegate.swift */ = {isa = PBXFileReference; lastKnownFileType = sourcecode.swift; path = SceneDelegate.swift; sourceTree = "<group>"; };
		022115042A8A5F25001E52C1 /* Assets.xcassets */ = {isa = PBXFileReference; lastKnownFileType = folder.assetcatalog; path = Assets.xcassets; sourceTree = "<group>"; };
		022115072A8A5F25001E52C1 /* Base */ = {isa = PBXFileReference; lastKnownFileType = file.storyboard; name = Base; path = Base.lproj/LaunchScreen.storyboard; sourceTree = "<group>"; };
		022115092A8A5F26001E52C1 /* Info.plist */ = {isa = PBXFileReference; lastKnownFileType = text.plist.xml; path = Info.plist; sourceTree = "<group>"; };
		0221150E2A8A5F26001E52C1 /* currency-conversion-mvvmTests.xctest */ = {isa = PBXFileReference; explicitFileType = wrapper.cfbundle; includeInIndex = 0; path = "currency-conversion-mvvmTests.xctest"; sourceTree = BUILT_PRODUCTS_DIR; };
		022115122A8A5F26001E52C1 /* currency_conversion_mvvmTests.swift */ = {isa = PBXFileReference; lastKnownFileType = sourcecode.swift; path = currency_conversion_mvvmTests.swift; sourceTree = "<group>"; };
		0221152E2A8AA051001E52C1 /* CurrencyConversionViewController.swift */ = {isa = PBXFileReference; lastKnownFileType = sourcecode.swift; path = CurrencyConversionViewController.swift; sourceTree = "<group>"; };
		022115312A8AA082001E52C1 /* CurrencyConversionView.swift */ = {isa = PBXFileReference; lastKnownFileType = sourcecode.swift; path = CurrencyConversionView.swift; sourceTree = "<group>"; };
		022115362A8AA171001E52C1 /* UIViewController+Extension.swift */ = {isa = PBXFileReference; fileEncoding = 4; lastKnownFileType = sourcecode.swift; path = "UIViewController+Extension.swift"; sourceTree = "<group>"; };
		022115382A8AA2DF001E52C1 /* CurrencyConversionPreview.swift */ = {isa = PBXFileReference; lastKnownFileType = sourcecode.swift; path = CurrencyConversionPreview.swift; sourceTree = "<group>"; };
		0221153A2A8AA6A9001E52C1 /* UIColor+Extension.swift */ = {isa = PBXFileReference; fileEncoding = 4; lastKnownFileType = sourcecode.swift; path = "UIColor+Extension.swift"; sourceTree = "<group>"; };
		0221153C2A8AA758001E52C1 /* Int+Extension.swift */ = {isa = PBXFileReference; fileEncoding = 4; lastKnownFileType = sourcecode.swift; path = "Int+Extension.swift"; sourceTree = "<group>"; };
		0221153E2A8AA7E7001E52C1 /* Float+Extension.swift */ = {isa = PBXFileReference; fileEncoding = 4; lastKnownFileType = sourcecode.swift; path = "Float+Extension.swift"; sourceTree = "<group>"; };
		022115412A8AAC7D001E52C1 /* CurrencySymbolView.swift */ = {isa = PBXFileReference; lastKnownFileType = sourcecode.swift; path = CurrencySymbolView.swift; sourceTree = "<group>"; };
		022115432A8AB84F001E52C1 /* CurrencySymbolViewInput.swift */ = {isa = PBXFileReference; lastKnownFileType = sourcecode.swift; path = CurrencySymbolViewInput.swift; sourceTree = "<group>"; };
		022115472A8BAFF6001E52C1 /* CurrencyView.swift */ = {isa = PBXFileReference; lastKnownFileType = sourcecode.swift; path = CurrencyView.swift; sourceTree = "<group>"; };
		022115492A8BB47D001E52C1 /* CurrencyViewInput.swift */ = {isa = PBXFileReference; lastKnownFileType = sourcecode.swift; path = CurrencyViewInput.swift; sourceTree = "<group>"; };
		0221154D2A8BC2FA001E52C1 /* Coordinator.swift */ = {isa = PBXFileReference; lastKnownFileType = sourcecode.swift; path = Coordinator.swift; sourceTree = "<group>"; };
		0221154F2A8BC363001E52C1 /* CurrencyConversionCoordinator.swift */ = {isa = PBXFileReference; lastKnownFileType = sourcecode.swift; path = CurrencyConversionCoordinator.swift; sourceTree = "<group>"; };
		022115552A8BC529001E52C1 /* NavigationController.swift */ = {isa = PBXFileReference; fileEncoding = 4; lastKnownFileType = sourcecode.swift; path = NavigationController.swift; sourceTree = "<group>"; };
		022115582A8BF4FA001E52C1 /* SearchCurrenciesViewController.swift */ = {isa = PBXFileReference; lastKnownFileType = sourcecode.swift; path = SearchCurrenciesViewController.swift; sourceTree = "<group>"; };
		0221155A2A8BF53D001E52C1 /* SearchCurrenciesView.swift */ = {isa = PBXFileReference; fileEncoding = 4; lastKnownFileType = sourcecode.swift; path = SearchCurrenciesView.swift; sourceTree = "<group>"; };
		0221155D2A8BF5DF001E52C1 /* SearchCurrenciesCoordinator.swift */ = {isa = PBXFileReference; lastKnownFileType = sourcecode.swift; path = SearchCurrenciesCoordinator.swift; sourceTree = "<group>"; };
/* End PBXFileReference section */

/* Begin PBXFrameworksBuildPhase section */
		022114F52A8A5F24001E52C1 /* Frameworks */ = {
			isa = PBXFrameworksBuildPhase;
			buildActionMask = 2147483647;
			files = (
			);
			runOnlyForDeploymentPostprocessing = 0;
		};
		0221150B2A8A5F26001E52C1 /* Frameworks */ = {
			isa = PBXFrameworksBuildPhase;
			buildActionMask = 2147483647;
			files = (
			);
			runOnlyForDeploymentPostprocessing = 0;
		};
/* End PBXFrameworksBuildPhase section */

/* Begin PBXGroup section */
		022114EF2A8A5F24001E52C1 = {
			isa = PBXGroup;
			children = (
				022114FA2A8A5F24001E52C1 /* currency-conversion-mvvm */,
				022115112A8A5F26001E52C1 /* currency-conversion-mvvmTests */,
				022114F92A8A5F24001E52C1 /* Products */,
			);
			sourceTree = "<group>";
		};
		022114F92A8A5F24001E52C1 /* Products */ = {
			isa = PBXGroup;
			children = (
				022114F82A8A5F24001E52C1 /* currency-conversion-mvvm.app */,
				0221150E2A8A5F26001E52C1 /* currency-conversion-mvvmTests.xctest */,
			);
			name = Products;
			sourceTree = "<group>";
		};
		022114FA2A8A5F24001E52C1 /* currency-conversion-mvvm */ = {
			isa = PBXGroup;
			children = (
				0221152B2A8A9F5B001E52C1 /* Source */,
				022114FB2A8A5F24001E52C1 /* AppDelegate.swift */,
				022114FD2A8A5F24001E52C1 /* SceneDelegate.swift */,
				022115042A8A5F25001E52C1 /* Assets.xcassets */,
				022115062A8A5F25001E52C1 /* LaunchScreen.storyboard */,
				022115092A8A5F26001E52C1 /* Info.plist */,
			);
			path = "currency-conversion-mvvm";
			sourceTree = "<group>";
		};
		022115112A8A5F26001E52C1 /* currency-conversion-mvvmTests */ = {
			isa = PBXGroup;
			children = (
				022115122A8A5F26001E52C1 /* currency_conversion_mvvmTests.swift */,
			);
			path = "currency-conversion-mvvmTests";
			sourceTree = "<group>";
		};
		0221152B2A8A9F5B001E52C1 /* Source */ = {
			isa = PBXGroup;
			children = (
				022115542A8BC510001E52C1 /* Components */,
				0221154B2A8BC2D3001E52C1 /* Coordinator */,
				0221152D2A8AA007001E52C1 /* Controllers */,
				022115352A8AA149001E52C1 /* Extensions */,
			);
			path = Source;
			sourceTree = "<group>";
		};
		0221152D2A8AA007001E52C1 /* Controllers */ = {
			isa = PBXGroup;
			children = (
				022115332A8AA0D2001E52C1 /* Previews */,
				022115402A8AAAFC001E52C1 /* CustomViews */,
				022115302A8AA074001E52C1 /* CurrencyConversion */,
				022115572A8BF4D6001E52C1 /* SearchCurrencies */,
			);
			path = Controllers;
			sourceTree = "<group>";
		};
		022115302A8AA074001E52C1 /* CurrencyConversion */ = {
			isa = PBXGroup;
			children = (
				022115462A8BAA6B001E52C1 /* Currency */,
				0221152E2A8AA051001E52C1 /* CurrencyConversionViewController.swift */,
				022115312A8AA082001E52C1 /* CurrencyConversionView.swift */,
			);
			path = CurrencyConversion;
			sourceTree = "<group>";
		};
		022115332A8AA0D2001E52C1 /* Previews */ = {
			isa = PBXGroup;
			children = (
				022115382A8AA2DF001E52C1 /* CurrencyConversionPreview.swift */,
			);
			path = Previews;
			sourceTree = "<group>";
		};
		022115352A8AA149001E52C1 /* Extensions */ = {
			isa = PBXGroup;
			children = (
				0221153C2A8AA758001E52C1 /* Int+Extension.swift */,
				0221153E2A8AA7E7001E52C1 /* Float+Extension.swift */,
				0221153A2A8AA6A9001E52C1 /* UIColor+Extension.swift */,
				022115362A8AA171001E52C1 /* UIViewController+Extension.swift */,
			);
			path = Extensions;
			sourceTree = "<group>";
		};
		022115402A8AAAFC001E52C1 /* CustomViews */ = {
			isa = PBXGroup;
			children = (
				022115452A8BA1DD001E52C1 /* CurrencySymbol */,
			);
			path = CustomViews;
			sourceTree = "<group>";
		};
		022115452A8BA1DD001E52C1 /* CurrencySymbol */ = {
			isa = PBXGroup;
			children = (
				022115412A8AAC7D001E52C1 /* CurrencySymbolView.swift */,
				022115432A8AB84F001E52C1 /* CurrencySymbolViewInput.swift */,
			);
			path = CurrencySymbol;
			sourceTree = "<group>";
		};
		022115462A8BAA6B001E52C1 /* Currency */ = {
			isa = PBXGroup;
			children = (
				022115472A8BAFF6001E52C1 /* CurrencyView.swift */,
				022115492A8BB47D001E52C1 /* CurrencyViewInput.swift */,
			);
			path = Currency;
			sourceTree = "<group>";
		};
		0221154B2A8BC2D3001E52C1 /* Coordinator */ = {
			isa = PBXGroup;
			children = (
				0221154C2A8BC2DB001E52C1 /* Protocol */,
				0221154F2A8BC363001E52C1 /* CurrencyConversionCoordinator.swift */,
				0221155D2A8BF5DF001E52C1 /* SearchCurrenciesCoordinator.swift */,
			);
			path = Coordinator;
			sourceTree = "<group>";
		};
		0221154C2A8BC2DB001E52C1 /* Protocol */ = {
			isa = PBXGroup;
			children = (
				0221154D2A8BC2FA001E52C1 /* Coordinator.swift */,
			);
			path = Protocol;
			sourceTree = "<group>";
		};
		022115542A8BC510001E52C1 /* Components */ = {
			isa = PBXGroup;
			children = (
				022115552A8BC529001E52C1 /* NavigationController.swift */,
			);
			path = Components;
			sourceTree = "<group>";
		};
		022115572A8BF4D6001E52C1 /* SearchCurrencies */ = {
			isa = PBXGroup;
			children = (
				022115582A8BF4FA001E52C1 /* SearchCurrenciesViewController.swift */,
				0221155A2A8BF53D001E52C1 /* SearchCurrenciesView.swift */,
			);
			path = SearchCurrencies;
			sourceTree = "<group>";
		};
/* End PBXGroup section */

/* Begin PBXNativeTarget section */
		022114F72A8A5F24001E52C1 /* currency-conversion-mvvm */ = {
			isa = PBXNativeTarget;
			buildConfigurationList = 022115222A8A5F26001E52C1 /* Build configuration list for PBXNativeTarget "currency-conversion-mvvm" */;
			buildPhases = (
				022114F42A8A5F24001E52C1 /* Sources */,
				022114F52A8A5F24001E52C1 /* Frameworks */,
				022114F62A8A5F24001E52C1 /* Resources */,
			);
			buildRules = (
			);
			dependencies = (
			);
			name = "currency-conversion-mvvm";
			productName = "currency-conversion-mvvm";
			productReference = 022114F82A8A5F24001E52C1 /* currency-conversion-mvvm.app */;
			productType = "com.apple.product-type.application";
		};
		0221150D2A8A5F26001E52C1 /* currency-conversion-mvvmTests */ = {
			isa = PBXNativeTarget;
			buildConfigurationList = 022115252A8A5F26001E52C1 /* Build configuration list for PBXNativeTarget "currency-conversion-mvvmTests" */;
			buildPhases = (
				0221150A2A8A5F26001E52C1 /* Sources */,
				0221150B2A8A5F26001E52C1 /* Frameworks */,
				0221150C2A8A5F26001E52C1 /* Resources */,
			);
			buildRules = (
			);
			dependencies = (
				022115102A8A5F26001E52C1 /* PBXTargetDependency */,
			);
			name = "currency-conversion-mvvmTests";
			productName = "currency-conversion-mvvmTests";
			productReference = 0221150E2A8A5F26001E52C1 /* currency-conversion-mvvmTests.xctest */;
			productType = "com.apple.product-type.bundle.unit-test";
		};
/* End PBXNativeTarget section */

/* Begin PBXProject section */
		022114F02A8A5F24001E52C1 /* Project object */ = {
			isa = PBXProject;
			attributes = {
				BuildIndependentTargetsInParallel = 1;
				LastSwiftUpdateCheck = 1430;
				LastUpgradeCheck = 1430;
				TargetAttributes = {
					022114F72A8A5F24001E52C1 = {
						CreatedOnToolsVersion = 14.3.1;
					};
					0221150D2A8A5F26001E52C1 = {
						CreatedOnToolsVersion = 14.3.1;
						TestTargetID = 022114F72A8A5F24001E52C1;
					};
				};
			};
			buildConfigurationList = 022114F32A8A5F24001E52C1 /* Build configuration list for PBXProject "currency-conversion-mvvm" */;
			compatibilityVersion = "Xcode 14.0";
			developmentRegion = en;
			hasScannedForEncodings = 0;
			knownRegions = (
				en,
				Base,
			);
			mainGroup = 022114EF2A8A5F24001E52C1;
			productRefGroup = 022114F92A8A5F24001E52C1 /* Products */;
			projectDirPath = "";
			projectRoot = "";
			targets = (
				022114F72A8A5F24001E52C1 /* currency-conversion-mvvm */,
				0221150D2A8A5F26001E52C1 /* currency-conversion-mvvmTests */,
			);
		};
/* End PBXProject section */

/* Begin PBXResourcesBuildPhase section */
		022114F62A8A5F24001E52C1 /* Resources */ = {
			isa = PBXResourcesBuildPhase;
			buildActionMask = 2147483647;
			files = (
				022115082A8A5F25001E52C1 /* LaunchScreen.storyboard in Resources */,
				022115052A8A5F25001E52C1 /* Assets.xcassets in Resources */,
			);
			runOnlyForDeploymentPostprocessing = 0;
		};
		0221150C2A8A5F26001E52C1 /* Resources */ = {
			isa = PBXResourcesBuildPhase;
			buildActionMask = 2147483647;
			files = (
			);
			runOnlyForDeploymentPostprocessing = 0;
		};
/* End PBXResourcesBuildPhase section */

/* Begin PBXSourcesBuildPhase section */
		022114F42A8A5F24001E52C1 /* Sources */ = {
			isa = PBXSourcesBuildPhase;
			buildActionMask = 2147483647;
			files = (
				0221153B2A8AA6AA001E52C1 /* UIColor+Extension.swift in Sources */,
				022114FC2A8A5F24001E52C1 /* AppDelegate.swift in Sources */,
				022115442A8AB84F001E52C1 /* CurrencySymbolViewInput.swift in Sources */,
				0221152F2A8AA051001E52C1 /* CurrencyConversionViewController.swift in Sources */,
				0221154A2A8BB47D001E52C1 /* CurrencyViewInput.swift in Sources */,
				022115562A8BC529001E52C1 /* NavigationController.swift in Sources */,
				022115422A8AAC7D001E52C1 /* CurrencySymbolView.swift in Sources */,
				0221154E2A8BC2FA001E52C1 /* Coordinator.swift in Sources */,
				022114FE2A8A5F24001E52C1 /* SceneDelegate.swift in Sources */,
				022115392A8AA2DF001E52C1 /* CurrencyConversionPreview.swift in Sources */,
				022115482A8BAFF6001E52C1 /* CurrencyView.swift in Sources */,
				022115372A8AA171001E52C1 /* UIViewController+Extension.swift in Sources */,
				0221155E2A8BF5E0001E52C1 /* SearchCurrenciesCoordinator.swift in Sources */,
				0221153D2A8AA758001E52C1 /* Int+Extension.swift in Sources */,
				0221155B2A8BF53D001E52C1 /* SearchCurrenciesView.swift in Sources */,
				022115592A8BF4FA001E52C1 /* SearchCurrenciesViewController.swift in Sources */,
				022115502A8BC364001E52C1 /* CurrencyConversionCoordinator.swift in Sources */,
				0221153F2A8AA7E7001E52C1 /* Float+Extension.swift in Sources */,
				022115322A8AA082001E52C1 /* CurrencyConversionView.swift in Sources */,
			);
			runOnlyForDeploymentPostprocessing = 0;
		};
		0221150A2A8A5F26001E52C1 /* Sources */ = {
			isa = PBXSourcesBuildPhase;
			buildActionMask = 2147483647;
			files = (
				022115132A8A5F26001E52C1 /* currency_conversion_mvvmTests.swift in Sources */,
			);
			runOnlyForDeploymentPostprocessing = 0;
		};
/* End PBXSourcesBuildPhase section */

/* Begin PBXTargetDependency section */
		022115102A8A5F26001E52C1 /* PBXTargetDependency */ = {
			isa = PBXTargetDependency;
			target = 022114F72A8A5F24001E52C1 /* currency-conversion-mvvm */;
			targetProxy = 0221150F2A8A5F26001E52C1 /* PBXContainerItemProxy */;
		};
/* End PBXTargetDependency section */

/* Begin PBXVariantGroup section */
		022115062A8A5F25001E52C1 /* LaunchScreen.storyboard */ = {
			isa = PBXVariantGroup;
			children = (
				022115072A8A5F25001E52C1 /* Base */,
			);
			name = LaunchScreen.storyboard;
			sourceTree = "<group>";
		};
/* End PBXVariantGroup section */

/* Begin XCBuildConfiguration section */
		022115202A8A5F26001E52C1 /* Debug */ = {
			isa = XCBuildConfiguration;
			buildSettings = {
				ALWAYS_SEARCH_USER_PATHS = NO;
				CLANG_ANALYZER_NONNULL = YES;
				CLANG_ANALYZER_NUMBER_OBJECT_CONVERSION = YES_AGGRESSIVE;
				CLANG_CXX_LANGUAGE_STANDARD = "gnu++20";
				CLANG_ENABLE_MODULES = YES;
				CLANG_ENABLE_OBJC_ARC = YES;
				CLANG_ENABLE_OBJC_WEAK = YES;
				CLANG_WARN_BLOCK_CAPTURE_AUTORELEASING = YES;
				CLANG_WARN_BOOL_CONVERSION = YES;
				CLANG_WARN_COMMA = YES;
				CLANG_WARN_CONSTANT_CONVERSION = YES;
				CLANG_WARN_DEPRECATED_OBJC_IMPLEMENTATIONS = YES;
				CLANG_WARN_DIRECT_OBJC_ISA_USAGE = YES_ERROR;
				CLANG_WARN_DOCUMENTATION_COMMENTS = YES;
				CLANG_WARN_EMPTY_BODY = YES;
				CLANG_WARN_ENUM_CONVERSION = YES;
				CLANG_WARN_INFINITE_RECURSION = YES;
				CLANG_WARN_INT_CONVERSION = YES;
				CLANG_WARN_NON_LITERAL_NULL_CONVERSION = YES;
				CLANG_WARN_OBJC_IMPLICIT_RETAIN_SELF = YES;
				CLANG_WARN_OBJC_LITERAL_CONVERSION = YES;
				CLANG_WARN_OBJC_ROOT_CLASS = YES_ERROR;
				CLANG_WARN_QUOTED_INCLUDE_IN_FRAMEWORK_HEADER = YES;
				CLANG_WARN_RANGE_LOOP_ANALYSIS = YES;
				CLANG_WARN_STRICT_PROTOTYPES = YES;
				CLANG_WARN_SUSPICIOUS_MOVE = YES;
				CLANG_WARN_UNGUARDED_AVAILABILITY = YES_AGGRESSIVE;
				CLANG_WARN_UNREACHABLE_CODE = YES;
				CLANG_WARN__DUPLICATE_METHOD_MATCH = YES;
				COPY_PHASE_STRIP = NO;
				DEBUG_INFORMATION_FORMAT = dwarf;
				ENABLE_STRICT_OBJC_MSGSEND = YES;
				ENABLE_TESTABILITY = YES;
				GCC_C_LANGUAGE_STANDARD = gnu11;
				GCC_DYNAMIC_NO_PIC = NO;
				GCC_NO_COMMON_BLOCKS = YES;
				GCC_OPTIMIZATION_LEVEL = 0;
				GCC_PREPROCESSOR_DEFINITIONS = (
					"DEBUG=1",
					"$(inherited)",
				);
				GCC_WARN_64_TO_32_BIT_CONVERSION = YES;
				GCC_WARN_ABOUT_RETURN_TYPE = YES_ERROR;
				GCC_WARN_UNDECLARED_SELECTOR = YES;
				GCC_WARN_UNINITIALIZED_AUTOS = YES_AGGRESSIVE;
				GCC_WARN_UNUSED_FUNCTION = YES;
				GCC_WARN_UNUSED_VARIABLE = YES;
				IPHONEOS_DEPLOYMENT_TARGET = 16.4;
				MTL_ENABLE_DEBUG_INFO = INCLUDE_SOURCE;
				MTL_FAST_MATH = YES;
				ONLY_ACTIVE_ARCH = YES;
				SDKROOT = iphoneos;
				SWIFT_ACTIVE_COMPILATION_CONDITIONS = DEBUG;
				SWIFT_OPTIMIZATION_LEVEL = "-Onone";
			};
			name = Debug;
		};
		022115212A8A5F26001E52C1 /* Release */ = {
			isa = XCBuildConfiguration;
			buildSettings = {
				ALWAYS_SEARCH_USER_PATHS = NO;
				CLANG_ANALYZER_NONNULL = YES;
				CLANG_ANALYZER_NUMBER_OBJECT_CONVERSION = YES_AGGRESSIVE;
				CLANG_CXX_LANGUAGE_STANDARD = "gnu++20";
				CLANG_ENABLE_MODULES = YES;
				CLANG_ENABLE_OBJC_ARC = YES;
				CLANG_ENABLE_OBJC_WEAK = YES;
				CLANG_WARN_BLOCK_CAPTURE_AUTORELEASING = YES;
				CLANG_WARN_BOOL_CONVERSION = YES;
				CLANG_WARN_COMMA = YES;
				CLANG_WARN_CONSTANT_CONVERSION = YES;
				CLANG_WARN_DEPRECATED_OBJC_IMPLEMENTATIONS = YES;
				CLANG_WARN_DIRECT_OBJC_ISA_USAGE = YES_ERROR;
				CLANG_WARN_DOCUMENTATION_COMMENTS = YES;
				CLANG_WARN_EMPTY_BODY = YES;
				CLANG_WARN_ENUM_CONVERSION = YES;
				CLANG_WARN_INFINITE_RECURSION = YES;
				CLANG_WARN_INT_CONVERSION = YES;
				CLANG_WARN_NON_LITERAL_NULL_CONVERSION = YES;
				CLANG_WARN_OBJC_IMPLICIT_RETAIN_SELF = YES;
				CLANG_WARN_OBJC_LITERAL_CONVERSION = YES;
				CLANG_WARN_OBJC_ROOT_CLASS = YES_ERROR;
				CLANG_WARN_QUOTED_INCLUDE_IN_FRAMEWORK_HEADER = YES;
				CLANG_WARN_RANGE_LOOP_ANALYSIS = YES;
				CLANG_WARN_STRICT_PROTOTYPES = YES;
				CLANG_WARN_SUSPICIOUS_MOVE = YES;
				CLANG_WARN_UNGUARDED_AVAILABILITY = YES_AGGRESSIVE;
				CLANG_WARN_UNREACHABLE_CODE = YES;
				CLANG_WARN__DUPLICATE_METHOD_MATCH = YES;
				COPY_PHASE_STRIP = NO;
				DEBUG_INFORMATION_FORMAT = "dwarf-with-dsym";
				ENABLE_NS_ASSERTIONS = NO;
				ENABLE_STRICT_OBJC_MSGSEND = YES;
				GCC_C_LANGUAGE_STANDARD = gnu11;
				GCC_NO_COMMON_BLOCKS = YES;
				GCC_WARN_64_TO_32_BIT_CONVERSION = YES;
				GCC_WARN_ABOUT_RETURN_TYPE = YES_ERROR;
				GCC_WARN_UNDECLARED_SELECTOR = YES;
				GCC_WARN_UNINITIALIZED_AUTOS = YES_AGGRESSIVE;
				GCC_WARN_UNUSED_FUNCTION = YES;
				GCC_WARN_UNUSED_VARIABLE = YES;
				IPHONEOS_DEPLOYMENT_TARGET = 16.4;
				MTL_ENABLE_DEBUG_INFO = NO;
				MTL_FAST_MATH = YES;
				SDKROOT = iphoneos;
				SWIFT_COMPILATION_MODE = wholemodule;
				SWIFT_OPTIMIZATION_LEVEL = "-O";
				VALIDATE_PRODUCT = YES;
			};
			name = Release;
		};
		022115232A8A5F26001E52C1 /* Debug */ = {
			isa = XCBuildConfiguration;
			buildSettings = {
				ASSETCATALOG_COMPILER_APPICON_NAME = AppIcon;
				ASSETCATALOG_COMPILER_GLOBAL_ACCENT_COLOR_NAME = AccentColor;
				CODE_SIGN_STYLE = Automatic;
				CURRENT_PROJECT_VERSION = 1;
				DEVELOPMENT_TEAM = 2HCBZJR5K3;
				GENERATE_INFOPLIST_FILE = YES;
				INFOPLIST_FILE = "currency-conversion-mvvm/Info.plist";
				INFOPLIST_KEY_UIApplicationSupportsIndirectInputEvents = YES;
				INFOPLIST_KEY_UILaunchStoryboardName = LaunchScreen;
				INFOPLIST_KEY_UIMainStoryboardFile = "";
				INFOPLIST_KEY_UISupportedInterfaceOrientations_iPad = "UIInterfaceOrientationPortrait UIInterfaceOrientationPortraitUpsideDown UIInterfaceOrientationLandscapeLeft UIInterfaceOrientationLandscapeRight";
				INFOPLIST_KEY_UISupportedInterfaceOrientations_iPhone = "UIInterfaceOrientationPortrait UIInterfaceOrientationLandscapeLeft UIInterfaceOrientationLandscapeRight";
				LD_RUNPATH_SEARCH_PATHS = (
					"$(inherited)",
					"@executable_path/Frameworks",
				);
				MARKETING_VERSION = 1.0;
				PRODUCT_BUNDLE_IDENTIFIER = "br.com.alecomparini.currency-conversion-mvvm";
				PRODUCT_NAME = "$(TARGET_NAME)";
				SWIFT_EMIT_LOC_STRINGS = YES;
				SWIFT_VERSION = 5.0;
				TARGETED_DEVICE_FAMILY = "1,2";
			};
			name = Debug;
		};
		022115242A8A5F26001E52C1 /* Release */ = {
			isa = XCBuildConfiguration;
			buildSettings = {
				ASSETCATALOG_COMPILER_APPICON_NAME = AppIcon;
				ASSETCATALOG_COMPILER_GLOBAL_ACCENT_COLOR_NAME = AccentColor;
				CODE_SIGN_STYLE = Automatic;
				CURRENT_PROJECT_VERSION = 1;
				DEVELOPMENT_TEAM = 2HCBZJR5K3;
				GENERATE_INFOPLIST_FILE = YES;
				INFOPLIST_FILE = "currency-conversion-mvvm/Info.plist";
				INFOPLIST_KEY_UIApplicationSupportsIndirectInputEvents = YES;
				INFOPLIST_KEY_UILaunchStoryboardName = LaunchScreen;
				INFOPLIST_KEY_UIMainStoryboardFile = "";
				INFOPLIST_KEY_UISupportedInterfaceOrientations_iPad = "UIInterfaceOrientationPortrait UIInterfaceOrientationPortraitUpsideDown UIInterfaceOrientationLandscapeLeft UIInterfaceOrientationLandscapeRight";
				INFOPLIST_KEY_UISupportedInterfaceOrientations_iPhone = "UIInterfaceOrientationPortrait UIInterfaceOrientationLandscapeLeft UIInterfaceOrientationLandscapeRight";
				LD_RUNPATH_SEARCH_PATHS = (
					"$(inherited)",
					"@executable_path/Frameworks",
				);
				MARKETING_VERSION = 1.0;
				PRODUCT_BUNDLE_IDENTIFIER = "br.com.alecomparini.currency-conversion-mvvm";
				PRODUCT_NAME = "$(TARGET_NAME)";
				SWIFT_EMIT_LOC_STRINGS = YES;
				SWIFT_VERSION = 5.0;
				TARGETED_DEVICE_FAMILY = "1,2";
			};
			name = Release;
		};
		022115262A8A5F26001E52C1 /* Debug */ = {
			isa = XCBuildConfiguration;
			buildSettings = {
				ALWAYS_EMBED_SWIFT_STANDARD_LIBRARIES = YES;
				BUNDLE_LOADER = "$(TEST_HOST)";
				CODE_SIGN_STYLE = Automatic;
				CURRENT_PROJECT_VERSION = 1;
				DEVELOPMENT_TEAM = 2HCBZJR5K3;
				GENERATE_INFOPLIST_FILE = YES;
				IPHONEOS_DEPLOYMENT_TARGET = 16.4;
				MARKETING_VERSION = 1.0;
				PRODUCT_BUNDLE_IDENTIFIER = "br.com.alecomparini.currency-conversion-mvvmTests";
				PRODUCT_NAME = "$(TARGET_NAME)";
				SWIFT_EMIT_LOC_STRINGS = NO;
				SWIFT_VERSION = 5.0;
				TARGETED_DEVICE_FAMILY = "1,2";
				TEST_HOST = "$(BUILT_PRODUCTS_DIR)/currency-conversion-mvvm.app/$(BUNDLE_EXECUTABLE_FOLDER_PATH)/currency-conversion-mvvm";
			};
			name = Debug;
		};
		022115272A8A5F26001E52C1 /* Release */ = {
			isa = XCBuildConfiguration;
			buildSettings = {
				ALWAYS_EMBED_SWIFT_STANDARD_LIBRARIES = YES;
				BUNDLE_LOADER = "$(TEST_HOST)";
				CODE_SIGN_STYLE = Automatic;
				CURRENT_PROJECT_VERSION = 1;
				DEVELOPMENT_TEAM = 2HCBZJR5K3;
				GENERATE_INFOPLIST_FILE = YES;
				IPHONEOS_DEPLOYMENT_TARGET = 16.4;
				MARKETING_VERSION = 1.0;
				PRODUCT_BUNDLE_IDENTIFIER = "br.com.alecomparini.currency-conversion-mvvmTests";
				PRODUCT_NAME = "$(TARGET_NAME)";
				SWIFT_EMIT_LOC_STRINGS = NO;
				SWIFT_VERSION = 5.0;
				TARGETED_DEVICE_FAMILY = "1,2";
				TEST_HOST = "$(BUILT_PRODUCTS_DIR)/currency-conversion-mvvm.app/$(BUNDLE_EXECUTABLE_FOLDER_PATH)/currency-conversion-mvvm";
			};
			name = Release;
		};
/* End XCBuildConfiguration section */

/* Begin XCConfigurationList section */
		022114F32A8A5F24001E52C1 /* Build configuration list for PBXProject "currency-conversion-mvvm" */ = {
			isa = XCConfigurationList;
			buildConfigurations = (
				022115202A8A5F26001E52C1 /* Debug */,
				022115212A8A5F26001E52C1 /* Release */,
			);
			defaultConfigurationIsVisible = 0;
			defaultConfigurationName = Release;
		};
		022115222A8A5F26001E52C1 /* Build configuration list for PBXNativeTarget "currency-conversion-mvvm" */ = {
			isa = XCConfigurationList;
			buildConfigurations = (
				022115232A8A5F26001E52C1 /* Debug */,
				022115242A8A5F26001E52C1 /* Release */,
			);
			defaultConfigurationIsVisible = 0;
			defaultConfigurationName = Release;
		};
		022115252A8A5F26001E52C1 /* Build configuration list for PBXNativeTarget "currency-conversion-mvvmTests" */ = {
			isa = XCConfigurationList;
			buildConfigurations = (
				022115262A8A5F26001E52C1 /* Debug */,
				022115272A8A5F26001E52C1 /* Release */,
			);
			defaultConfigurationIsVisible = 0;
			defaultConfigurationName = Release;
		};
/* End XCConfigurationList section */
	};
	rootObject = 022114F02A8A5F24001E52C1 /* Project object */;
}
